
Microsoft Visual Studio Solution File, Format Version 12.00
# Visual Studio 14
VisualStudioVersion = 14.0.25420.1
MinimumVisualStudioVersion = 10.0.40219.1
Project("{FAE04EC0-301F-11D3-BF4B-00C04F79EFBC}") = "Iridium", "Iridium\Iridium.csproj", "{8DB31DB3-AE35-44C3-876E-940C19689C59}"
EndProject
Project("{D954291E-2A0B-460D-934E-DC6B0785DB48}") = "Iridium-DB-SqlServer-Shared", "DataProviders\Iridium-DB-SqlServer-Shared\Iridium-DB-SqlServer-Shared.shproj", "{3F04700D-5917-4596-A2B2-873D4D320892}"
EndProject
Project("{FAE04EC0-301F-11D3-BF4B-00C04F79EFBC}") = "Iridium-DB-SqlServer", "DataProviders\Iridium-DB-SqlServer\Iridium-DB-SqlServer.csproj", "{680C31CA-C072-4AF7-BCFC-8BD270BEE7BC}"
EndProject
Project("{D954291E-2A0B-460D-934E-DC6B0785DB48}") = "Iridium-DB-SqlADO", "DataProviders\Iridium-DB-SqlADO\Iridium-DB-SqlADO.shproj", "{C87CA7D9-C64F-4001-86C8-444255165594}"
EndProject
Project("{FAE04EC0-301F-11D3-BF4B-00C04F79EFBC}") = "Iridium-DB-SqlServer-iOS", "DataProviders\Iridium-DB-SqlServer-iOS\Iridium-DB-SqlServer-iOS.csproj", "{58368073-CE91-440C-948A-B75235B72CFC}"
EndProject
Project("{FAE04EC0-301F-11D3-BF4B-00C04F79EFBC}") = "Iridium-DB-SqlServer-Android", "DataProviders\Iridium-DB-SqlServer-Android\Iridium-DB-SqlServer-Android.csproj", "{C791357B-B3A6-4904-8170-4D405F49B71A}"
EndProject
Global
	GlobalSection(SharedMSBuildProjectFiles) = preSolution
		DataProviders\Iridium-DB-SqlServer-Shared\Velox.DB.SqlServer.Shared.projitems*{3f04700d-5917-4596-a2b2-873d4d320892}*SharedItemsImports = 13
		DataProviders\Iridium-DB-SqlADO\Velox.DB.SqlADO.projitems*{58368073-ce91-440c-948a-b75235b72cfc}*SharedItemsImports = 4
		DataProviders\Iridium-DB-SqlServer-Shared\Velox.DB.SqlServer.Shared.projitems*{58368073-ce91-440c-948a-b75235b72cfc}*SharedItemsImports = 4
		DataProviders\Iridium-DB-SqlADO\Velox.DB.SqlADO.projitems*{680c31ca-c072-4af7-bcfc-8bd270bee7bc}*SharedItemsImports = 4
		DataProviders\Iridium-DB-SqlServer-Shared\Velox.DB.SqlServer.Shared.projitems*{680c31ca-c072-4af7-bcfc-8bd270bee7bc}*SharedItemsImports = 4
		DataProviders\Iridium-DB-SqlADO\Velox.DB.SqlADO.projitems*{c791357b-b3a6-4904-8170-4d405f49b71a}*SharedItemsImports = 4
		DataProviders\Iridium-DB-SqlServer-Shared\Velox.DB.SqlServer.Shared.projitems*{c791357b-b3a6-4904-8170-4d405f49b71a}*SharedItemsImports = 4
		DataProviders\Iridium-DB-SqlADO\Velox.DB.SqlADO.projitems*{c87ca7d9-c64f-4001-86c8-444255165594}*SharedItemsImports = 13
	EndGlobalSection
	GlobalSection(SolutionConfigurationPlatforms) = preSolution
		Debug|Any CPU = Debug|Any CPU
		Debug|ARM = Debug|ARM
		Debug|x86 = Debug|x86
		Release|Any CPU = Release|Any CPU
		Release|ARM = Release|ARM
		Release|x86 = Release|x86
	EndGlobalSection
	GlobalSection(ProjectConfigurationPlatforms) = postSolution
		{8DB31DB3-AE35-44C3-876E-940C19689C59}.Debug|Any CPU.ActiveCfg = Debug|Any CPU
		{8DB31DB3-AE35-44C3-876E-940C19689C59}.Debug|Any CPU.Build.0 = Debug|Any CPU
		{8DB31DB3-AE35-44C3-876E-940C19689C59}.Debug|ARM.ActiveCfg = Debug|Any CPU
		{8DB31DB3-AE35-44C3-876E-940C19689C59}.Debug|x86.ActiveCfg = Debug|Any CPU
		{8DB31DB3-AE35-44C3-876E-940C19689C59}.Release|Any CPU.ActiveCfg = Release|Any CPU
		{8DB31DB3-AE35-44C3-876E-940C19689C59}.Release|Any CPU.Build.0 = Release|Any CPU
		{8DB31DB3-AE35-44C3-876E-940C19689C59}.Release|ARM.ActiveCfg = Release|Any CPU
		{8DB31DB3-AE35-44C3-876E-940C19689C59}.Release|x86.ActiveCfg = Release|Any CPU
		{680C31CA-C072-4AF7-BCFC-8BD270BEE7BC}.Debug|Any CPU.ActiveCfg = Debug|Any CPU
		{680C31CA-C072-4AF7-BCFC-8BD270BEE7BC}.Debug|Any CPU.Build.0 = Debug|Any CPU
		{680C31CA-C072-4AF7-BCFC-8BD270BEE7BC}.Debug|ARM.ActiveCfg = Debug|Any CPU
		{680C31CA-C072-4AF7-BCFC-8BD270BEE7BC}.Debug|x86.ActiveCfg = Debug|Any CPU
		{680C31CA-C072-4AF7-BCFC-8BD270BEE7BC}.Release|Any CPU.ActiveCfg = Release|Any CPU
		{680C31CA-C072-4AF7-BCFC-8BD270BEE7BC}.Release|Any CPU.Build.0 = Release|Any CPU
		{680C31CA-C072-4AF7-BCFC-8BD270BEE7BC}.Release|ARM.ActiveCfg = Release|Any CPU
		{680C31CA-C072-4AF7-BCFC-8BD270BEE7BC}.Release|x86.ActiveCfg = Release|Any CPU
		{58368073-CE91-440C-948A-B75235B72CFC}.Debug|Any CPU.ActiveCfg = Debug|Any CPU
		{58368073-CE91-440C-948A-B75235B72CFC}.Debug|Any CPU.Build.0 = Debug|Any CPU
		{58368073-CE91-440C-948A-B75235B72CFC}.Debug|ARM.ActiveCfg = Debug|Any CPU
		{58368073-CE91-440C-948A-B75235B72CFC}.Debug|ARM.Build.0 = Debug|Any CPU
		{58368073-CE91-440C-948A-B75235B72CFC}.Debug|x86.ActiveCfg = Debug|Any CPU
		{58368073-CE91-440C-948A-B75235B72CFC}.Debug|x86.Build.0 = Debug|Any CPU
		{58368073-CE91-440C-948A-B75235B72CFC}.Release|Any CPU.ActiveCfg = Release|Any CPU
		{58368073-CE91-440C-948A-B75235B72CFC}.Release|Any CPU.Build.0 = Release|Any CPU
		{58368073-CE91-440C-948A-B75235B72CFC}.Release|ARM.ActiveCfg = Release|Any CPU
		{58368073-CE91-440C-948A-B75235B72CFC}.Release|ARM.Build.0 = Release|Any CPU
		{58368073-CE91-440C-948A-B75235B72CFC}.Release|x86.ActiveCfg = Release|Any CPU
		{58368073-CE91-440C-948A-B75235B72CFC}.Release|x86.Build.0 = Release|Any CPU
		{C791357B-B3A6-4904-8170-4D405F49B71A}.Debug|Any CPU.ActiveCfg = Debug|Any CPU
		{C791357B-B3A6-4904-8170-4D405F49B71A}.Debug|Any CPU.Build.0 = Debug|Any CPU
		{C791357B-B3A6-4904-8170-4D405F49B71A}.Debug|ARM.ActiveCfg = Debug|Any CPU
		{C791357B-B3A6-4904-8170-4D405F49B71A}.Debug|ARM.Build.0 = Debug|Any CPU
		{C791357B-B3A6-4904-8170-4D405F49B71A}.Debug|x86.ActiveCfg = Debug|Any CPU
		{C791357B-B3A6-4904-8170-4D405F49B71A}.Debug|x86.Build.0 = Debug|Any CPU
		{C791357B-B3A6-4904-8170-4D405F49B71A}.Release|Any CPU.ActiveCfg = Release|Any CPU
		{C791357B-B3A6-4904-8170-4D405F49B71A}.Release|Any CPU.Build.0 = Release|Any CPU
		{C791357B-B3A6-4904-8170-4D405F49B71A}.Release|ARM.ActiveCfg = Release|Any CPU
		{C791357B-B3A6-4904-8170-4D405F49B71A}.Release|ARM.Build.0 = Release|Any CPU
		{C791357B-B3A6-4904-8170-4D405F49B71A}.Release|x86.ActiveCfg = Release|Any CPU
		{C791357B-B3A6-4904-8170-4D405F49B71A}.Release|x86.Build.0 = Release|Any CPU
	EndGlobalSection
	GlobalSection(SolutionProperties) = preSolution
		HideSolutionNode = FALSE
	EndGlobalSection
EndGlobal
