
Microsoft Visual Studio Solution File, Format Version 12.00
# Visual Studio 14
VisualStudioVersion = 14.0.25420.1
MinimumVisualStudioVersion = 10.0.40219.1
Project("{FAE04EC0-301F-11D3-BF4B-00C04F79EFBC}") = "Iridium", "Iridium\Iridium.csproj", "{8DB31DB3-AE35-44C3-876E-940C19689C59}"
EndProject
Project("{FAE04EC0-301F-11D3-BF4B-00C04F79EFBC}") = "Iridium-Test", "Iridium-Test\Iridium-Test.csproj", "{AA0A0646-FC49-496A-AE0F-7F24DF7675FA}"
EndProject
Project("{2150E333-8FDC-42A3-9474-1A3956D46DE8}") = "Test", "Test", "{BAA00DEC-D55A-4960-90E4-9FACE1896676}"
EndProject
Project("{2150E333-8FDC-42A3-9474-1A3956D46DE8}") = "DataProviders", "DataProviders", "{869B052F-0EAD-4489-89B6-DBADBC8F4F58}"
EndProject
Project("{FAE04EC0-301F-11D3-BF4B-00C04F79EFBC}") = "Iridium-DB-Sqlite", "DataProviders\Iridium-DB-Sqlite\Iridium-DB-Sqlite.csproj", "{FCF8CC49-A5EB-46E4-932D-D4D6D36924A5}"
EndProject
Project("{FAE04EC0-301F-11D3-BF4B-00C04F79EFBC}") = "Iridium-DB-MySql", "DataProviders\Iridium-DB-MySql\Iridium-DB-MySql.csproj", "{A74D8405-74EE-482D-A03E-92B45C17F9F5}"
EndProject
Project("{D954291E-2A0B-460D-934E-DC6B0785DB48}") = "Iridium-DB-SqlServer-Shared", "DataProviders\Iridium-DB-SqlServer-Shared\Iridium-DB-SqlServer-Shared.shproj", "{3F04700D-5917-4596-A2B2-873D4D320892}"
EndProject
Project("{FAE04EC0-301F-11D3-BF4B-00C04F79EFBC}") = "Iridium-DB-SqlServer", "DataProviders\Iridium-DB-SqlServer\Iridium-DB-SqlServer.csproj", "{680C31CA-C072-4AF7-BCFC-8BD270BEE7BC}"
EndProject
Project("{D954291E-2A0B-460D-934E-DC6B0785DB48}") = "Iridium-DB-SqlADO", "DataProviders\Iridium-DB-SqlADO\Iridium-DB-SqlADO.shproj", "{C87CA7D9-C64F-4001-86C8-444255165594}"
EndProject
Project("{FAE04EC0-301F-11D3-BF4B-00C04F79EFBC}") = "Iridium-DB-Service", "DataProviders\Iridium-DB-Service\Iridium-DB-Service.csproj", "{EBA66BD1-991E-435E-BB96-BB1AE5573F09}"
EndProject
Global
	GlobalSection(SharedMSBuildProjectFiles) = preSolution
		DataProviders\Iridium-DB-SqlServer-Shared\Velox.DB.SqlServer.Shared.projitems*{3f04700d-5917-4596-a2b2-873d4d320892}*SharedItemsImports = 13
		DataProviders\Iridium-DB-SqlADO\Velox.DB.SqlADO.projitems*{680c31ca-c072-4af7-bcfc-8bd270bee7bc}*SharedItemsImports = 4
		DataProviders\Iridium-DB-SqlServer-Shared\Velox.DB.SqlServer.Shared.projitems*{680c31ca-c072-4af7-bcfc-8bd270bee7bc}*SharedItemsImports = 4
		DataProviders\Iridium-DB-SqlADO\Velox.DB.SqlADO.projitems*{a74d8405-74ee-482d-a03e-92b45c17f9f5}*SharedItemsImports = 4
		DataProviders\Iridium-DB-SqlADO\Velox.DB.SqlADO.projitems*{c87ca7d9-c64f-4001-86c8-444255165594}*SharedItemsImports = 13
	EndGlobalSection
	GlobalSection(SolutionConfigurationPlatforms) = preSolution
		Debug|Any CPU = Debug|Any CPU
		Debug|ARM = Debug|ARM
		Debug|x86 = Debug|x86
		Release|Any CPU = Release|Any CPU
		Release|ARM = Release|ARM
		Release|x86 = Release|x86
	EndGlobalSection
	GlobalSection(ProjectConfigurationPlatforms) = postSolution
		{8DB31DB3-AE35-44C3-876E-940C19689C59}.Debug|Any CPU.ActiveCfg = Debug|Any CPU
		{8DB31DB3-AE35-44C3-876E-940C19689C59}.Debug|Any CPU.Build.0 = Debug|Any CPU
		{8DB31DB3-AE35-44C3-876E-940C19689C59}.Debug|ARM.ActiveCfg = Debug|Any CPU
		{8DB31DB3-AE35-44C3-876E-940C19689C59}.Debug|x86.ActiveCfg = Debug|Any CPU
		{8DB31DB3-AE35-44C3-876E-940C19689C59}.Release|Any CPU.ActiveCfg = Release|Any CPU
		{8DB31DB3-AE35-44C3-876E-940C19689C59}.Release|Any CPU.Build.0 = Release|Any CPU
		{8DB31DB3-AE35-44C3-876E-940C19689C59}.Release|ARM.ActiveCfg = Release|Any CPU
		{8DB31DB3-AE35-44C3-876E-940C19689C59}.Release|x86.ActiveCfg = Release|Any CPU
		{AA0A0646-FC49-496A-AE0F-7F24DF7675FA}.Debug|Any CPU.ActiveCfg = Debug|Any CPU
		{AA0A0646-FC49-496A-AE0F-7F24DF7675FA}.Debug|Any CPU.Build.0 = Debug|Any CPU
		{AA0A0646-FC49-496A-AE0F-7F24DF7675FA}.Debug|ARM.ActiveCfg = Debug|Any CPU
		{AA0A0646-FC49-496A-AE0F-7F24DF7675FA}.Debug|x86.ActiveCfg = Debug|Any CPU
		{AA0A0646-FC49-496A-AE0F-7F24DF7675FA}.Release|Any CPU.ActiveCfg = Release|Any CPU
		{AA0A0646-FC49-496A-AE0F-7F24DF7675FA}.Release|Any CPU.Build.0 = Release|Any CPU
		{AA0A0646-FC49-496A-AE0F-7F24DF7675FA}.Release|ARM.ActiveCfg = Release|Any CPU
		{AA0A0646-FC49-496A-AE0F-7F24DF7675FA}.Release|x86.ActiveCfg = Release|Any CPU
		{FCF8CC49-A5EB-46E4-932D-D4D6D36924A5}.Debug|Any CPU.ActiveCfg = Debug|Any CPU
		{FCF8CC49-A5EB-46E4-932D-D4D6D36924A5}.Debug|Any CPU.Build.0 = Debug|Any CPU
		{FCF8CC49-A5EB-46E4-932D-D4D6D36924A5}.Debug|ARM.ActiveCfg = Debug|Any CPU
		{FCF8CC49-A5EB-46E4-932D-D4D6D36924A5}.Debug|x86.ActiveCfg = Debug|Any CPU
		{FCF8CC49-A5EB-46E4-932D-D4D6D36924A5}.Release|Any CPU.ActiveCfg = Release|Any CPU
		{FCF8CC49-A5EB-46E4-932D-D4D6D36924A5}.Release|Any CPU.Build.0 = Release|Any CPU
		{FCF8CC49-A5EB-46E4-932D-D4D6D36924A5}.Release|ARM.ActiveCfg = Release|Any CPU
		{FCF8CC49-A5EB-46E4-932D-D4D6D36924A5}.Release|x86.ActiveCfg = Release|Any CPU
		{A74D8405-74EE-482D-A03E-92B45C17F9F5}.Debug|Any CPU.ActiveCfg = Debug|Any CPU
		{A74D8405-74EE-482D-A03E-92B45C17F9F5}.Debug|Any CPU.Build.0 = Debug|Any CPU
		{A74D8405-74EE-482D-A03E-92B45C17F9F5}.Debug|ARM.ActiveCfg = Debug|Any CPU
		{A74D8405-74EE-482D-A03E-92B45C17F9F5}.Debug|x86.ActiveCfg = Debug|Any CPU
		{A74D8405-74EE-482D-A03E-92B45C17F9F5}.Release|Any CPU.ActiveCfg = Release|Any CPU
		{A74D8405-74EE-482D-A03E-92B45C17F9F5}.Release|Any CPU.Build.0 = Release|Any CPU
		{A74D8405-74EE-482D-A03E-92B45C17F9F5}.Release|ARM.ActiveCfg = Release|Any CPU
		{A74D8405-74EE-482D-A03E-92B45C17F9F5}.Release|x86.ActiveCfg = Release|Any CPU
		{680C31CA-C072-4AF7-BCFC-8BD270BEE7BC}.Debug|Any CPU.ActiveCfg = Debug|Any CPU
		{680C31CA-C072-4AF7-BCFC-8BD270BEE7BC}.Debug|Any CPU.Build.0 = Debug|Any CPU
		{680C31CA-C072-4AF7-BCFC-8BD270BEE7BC}.Debug|ARM.ActiveCfg = Debug|Any CPU
		{680C31CA-C072-4AF7-BCFC-8BD270BEE7BC}.Debug|x86.ActiveCfg = Debug|Any CPU
		{680C31CA-C072-4AF7-BCFC-8BD270BEE7BC}.Release|Any CPU.ActiveCfg = Release|Any CPU
		{680C31CA-C072-4AF7-BCFC-8BD270BEE7BC}.Release|Any CPU.Build.0 = Release|Any CPU
		{680C31CA-C072-4AF7-BCFC-8BD270BEE7BC}.Release|ARM.ActiveCfg = Release|Any CPU
		{680C31CA-C072-4AF7-BCFC-8BD270BEE7BC}.Release|x86.ActiveCfg = Release|Any CPU
		{EBA66BD1-991E-435E-BB96-BB1AE5573F09}.Debug|Any CPU.ActiveCfg = Debug|Any CPU
		{EBA66BD1-991E-435E-BB96-BB1AE5573F09}.Debug|Any CPU.Build.0 = Debug|Any CPU
		{EBA66BD1-991E-435E-BB96-BB1AE5573F09}.Debug|ARM.ActiveCfg = Debug|Any CPU
		{EBA66BD1-991E-435E-BB96-BB1AE5573F09}.Debug|x86.ActiveCfg = Debug|Any CPU
		{EBA66BD1-991E-435E-BB96-BB1AE5573F09}.Release|Any CPU.ActiveCfg = Release|Any CPU
		{EBA66BD1-991E-435E-BB96-BB1AE5573F09}.Release|Any CPU.Build.0 = Release|Any CPU
		{EBA66BD1-991E-435E-BB96-BB1AE5573F09}.Release|ARM.ActiveCfg = Release|Any CPU
		{EBA66BD1-991E-435E-BB96-BB1AE5573F09}.Release|x86.ActiveCfg = Release|Any CPU
	EndGlobalSection
	GlobalSection(SolutionProperties) = preSolution
		HideSolutionNode = FALSE
	EndGlobalSection
	GlobalSection(NestedProjects) = preSolution
		{AA0A0646-FC49-496A-AE0F-7F24DF7675FA} = {BAA00DEC-D55A-4960-90E4-9FACE1896676}
		{FCF8CC49-A5EB-46E4-932D-D4D6D36924A5} = {869B052F-0EAD-4489-89B6-DBADBC8F4F58}
		{A74D8405-74EE-482D-A03E-92B45C17F9F5} = {869B052F-0EAD-4489-89B6-DBADBC8F4F58}
		{3F04700D-5917-4596-A2B2-873D4D320892} = {869B052F-0EAD-4489-89B6-DBADBC8F4F58}
		{680C31CA-C072-4AF7-BCFC-8BD270BEE7BC} = {869B052F-0EAD-4489-89B6-DBADBC8F4F58}
		{C87CA7D9-C64F-4001-86C8-444255165594} = {869B052F-0EAD-4489-89B6-DBADBC8F4F58}
		{EBA66BD1-991E-435E-BB96-BB1AE5573F09} = {869B052F-0EAD-4489-89B6-DBADBC8F4F58}
	EndGlobalSection
EndGlobal
