
Microsoft Visual Studio Solution File, Format Version 12.00
# Visual Studio 2013
VisualStudioVersion = 12.0.30723.0
MinimumVisualStudioVersion = 10.0.40219.1
Project("{FAE04EC0-301F-11D3-BF4B-00C04F79EFBC}") = "Velox.DB", "Velox.DB\Velox.DB.csproj", "{8DB31DB3-AE35-44C3-876E-940C19689C59}"
EndProject
Project("{FAE04EC0-301F-11D3-BF4B-00C04F79EFBC}") = "Velox.DB.AdoSql", "Velox.DB.AdoSql\Velox.DB.AdoSql.csproj", "{EDFC5804-09BE-41AD-9DAA-F9902E16113A}"
EndProject
Project("{FAE04EC0-301F-11D3-BF4B-00C04F79EFBC}") = "Velox.DB.Sqlite.Windows", "Velox.DB.Sqlite.Windows\Velox.DB.Sqlite.Windows.csproj", "{78D3824B-1D9D-4870-B0ED-339CCA6D0A78}"
EndProject
Project("{FAE04EC0-301F-11D3-BF4B-00C04F79EFBC}") = "Velox.DB.SqlServer", "Velox.DB.SqlServer\Velox.DB.SqlServer.csproj", "{680C31CA-C072-4AF7-BCFC-8BD270BEE7BC}"
EndProject
Project("{FAE04EC0-301F-11D3-BF4B-00C04F79EFBC}") = "Velox.DB.MySql", "Velox.DB.MySql\Velox.DB.MySql.csproj", "{A74D8405-74EE-482D-A03E-92B45C17F9F5}"
EndProject
Project("{FAE04EC0-301F-11D3-BF4B-00C04F79EFBC}") = "Velox.DB.Test", "Velox.DB.Test\Velox.DB.Test.csproj", "{AA0A0646-FC49-496A-AE0F-7F24DF7675FA}"
EndProject
Project("{FAE04EC0-301F-11D3-BF4B-00C04F79EFBC}") = "Velox.DB.TextExpressions", "Velox.DB.TextExpressions\Velox.DB.TextExpressions.csproj", "{321AD674-0C1F-44CC-AFAD-188F47B39885}"
EndProject
Global
	GlobalSection(SolutionConfigurationPlatforms) = preSolution
		Ad-Hoc|Any CPU = Ad-Hoc|Any CPU
		Ad-Hoc|iPhone = Ad-Hoc|iPhone
		Ad-Hoc|iPhoneSimulator = Ad-Hoc|iPhoneSimulator
		Ad-Hoc|Mixed Platforms = Ad-Hoc|Mixed Platforms
		AppStore|Any CPU = AppStore|Any CPU
		AppStore|iPhone = AppStore|iPhone
		AppStore|iPhoneSimulator = AppStore|iPhoneSimulator
		AppStore|Mixed Platforms = AppStore|Mixed Platforms
		Debug|Any CPU = Debug|Any CPU
		Debug|iPhone = Debug|iPhone
		Debug|iPhoneSimulator = Debug|iPhoneSimulator
		Debug|Mixed Platforms = Debug|Mixed Platforms
		Release|Any CPU = Release|Any CPU
		Release|iPhone = Release|iPhone
		Release|iPhoneSimulator = Release|iPhoneSimulator
		Release|Mixed Platforms = Release|Mixed Platforms
	EndGlobalSection
	GlobalSection(ProjectConfigurationPlatforms) = postSolution
		{8DB31DB3-AE35-44C3-876E-940C19689C59}.Ad-Hoc|Any CPU.ActiveCfg = Release|Any CPU
		{8DB31DB3-AE35-44C3-876E-940C19689C59}.Ad-Hoc|Any CPU.Build.0 = Release|Any CPU
		{8DB31DB3-AE35-44C3-876E-940C19689C59}.Ad-Hoc|iPhone.ActiveCfg = Release|Any CPU
		{8DB31DB3-AE35-44C3-876E-940C19689C59}.Ad-Hoc|iPhoneSimulator.ActiveCfg = Release|Any CPU
		{8DB31DB3-AE35-44C3-876E-940C19689C59}.Ad-Hoc|Mixed Platforms.ActiveCfg = Release|Any CPU
		{8DB31DB3-AE35-44C3-876E-940C19689C59}.Ad-Hoc|Mixed Platforms.Build.0 = Release|Any CPU
		{8DB31DB3-AE35-44C3-876E-940C19689C59}.AppStore|Any CPU.ActiveCfg = Release|Any CPU
		{8DB31DB3-AE35-44C3-876E-940C19689C59}.AppStore|Any CPU.Build.0 = Release|Any CPU
		{8DB31DB3-AE35-44C3-876E-940C19689C59}.AppStore|iPhone.ActiveCfg = Release|Any CPU
		{8DB31DB3-AE35-44C3-876E-940C19689C59}.AppStore|iPhoneSimulator.ActiveCfg = Release|Any CPU
		{8DB31DB3-AE35-44C3-876E-940C19689C59}.AppStore|Mixed Platforms.ActiveCfg = Release|Any CPU
		{8DB31DB3-AE35-44C3-876E-940C19689C59}.AppStore|Mixed Platforms.Build.0 = Release|Any CPU
		{8DB31DB3-AE35-44C3-876E-940C19689C59}.Debug|Any CPU.ActiveCfg = Debug|Any CPU
		{8DB31DB3-AE35-44C3-876E-940C19689C59}.Debug|Any CPU.Build.0 = Debug|Any CPU
		{8DB31DB3-AE35-44C3-876E-940C19689C59}.Debug|iPhone.ActiveCfg = Debug|Any CPU
		{8DB31DB3-AE35-44C3-876E-940C19689C59}.Debug|iPhoneSimulator.ActiveCfg = Debug|Any CPU
		{8DB31DB3-AE35-44C3-876E-940C19689C59}.Debug|Mixed Platforms.ActiveCfg = Debug|Any CPU
		{8DB31DB3-AE35-44C3-876E-940C19689C59}.Debug|Mixed Platforms.Build.0 = Debug|Any CPU
		{8DB31DB3-AE35-44C3-876E-940C19689C59}.Release|Any CPU.ActiveCfg = Release|Any CPU
		{8DB31DB3-AE35-44C3-876E-940C19689C59}.Release|Any CPU.Build.0 = Release|Any CPU
		{8DB31DB3-AE35-44C3-876E-940C19689C59}.Release|iPhone.ActiveCfg = Release|Any CPU
		{8DB31DB3-AE35-44C3-876E-940C19689C59}.Release|iPhoneSimulator.ActiveCfg = Release|Any CPU
		{8DB31DB3-AE35-44C3-876E-940C19689C59}.Release|Mixed Platforms.ActiveCfg = Release|Any CPU
		{8DB31DB3-AE35-44C3-876E-940C19689C59}.Release|Mixed Platforms.Build.0 = Release|Any CPU
		{EDFC5804-09BE-41AD-9DAA-F9902E16113A}.Ad-Hoc|Any CPU.ActiveCfg = Release|Any CPU
		{EDFC5804-09BE-41AD-9DAA-F9902E16113A}.Ad-Hoc|Any CPU.Build.0 = Release|Any CPU
		{EDFC5804-09BE-41AD-9DAA-F9902E16113A}.Ad-Hoc|iPhone.ActiveCfg = Release|Any CPU
		{EDFC5804-09BE-41AD-9DAA-F9902E16113A}.Ad-Hoc|iPhoneSimulator.ActiveCfg = Release|Any CPU
		{EDFC5804-09BE-41AD-9DAA-F9902E16113A}.Ad-Hoc|Mixed Platforms.ActiveCfg = Release|Any CPU
		{EDFC5804-09BE-41AD-9DAA-F9902E16113A}.Ad-Hoc|Mixed Platforms.Build.0 = Release|Any CPU
		{EDFC5804-09BE-41AD-9DAA-F9902E16113A}.AppStore|Any CPU.ActiveCfg = Release|Any CPU
		{EDFC5804-09BE-41AD-9DAA-F9902E16113A}.AppStore|Any CPU.Build.0 = Release|Any CPU
		{EDFC5804-09BE-41AD-9DAA-F9902E16113A}.AppStore|iPhone.ActiveCfg = Release|Any CPU
		{EDFC5804-09BE-41AD-9DAA-F9902E16113A}.AppStore|iPhoneSimulator.ActiveCfg = Release|Any CPU
		{EDFC5804-09BE-41AD-9DAA-F9902E16113A}.AppStore|Mixed Platforms.ActiveCfg = Release|Any CPU
		{EDFC5804-09BE-41AD-9DAA-F9902E16113A}.AppStore|Mixed Platforms.Build.0 = Release|Any CPU
		{EDFC5804-09BE-41AD-9DAA-F9902E16113A}.Debug|Any CPU.ActiveCfg = Debug|Any CPU
		{EDFC5804-09BE-41AD-9DAA-F9902E16113A}.Debug|Any CPU.Build.0 = Debug|Any CPU
		{EDFC5804-09BE-41AD-9DAA-F9902E16113A}.Debug|iPhone.ActiveCfg = Debug|Any CPU
		{EDFC5804-09BE-41AD-9DAA-F9902E16113A}.Debug|iPhoneSimulator.ActiveCfg = Debug|Any CPU
		{EDFC5804-09BE-41AD-9DAA-F9902E16113A}.Debug|Mixed Platforms.ActiveCfg = Debug|Any CPU
		{EDFC5804-09BE-41AD-9DAA-F9902E16113A}.Debug|Mixed Platforms.Build.0 = Debug|Any CPU
		{EDFC5804-09BE-41AD-9DAA-F9902E16113A}.Release|Any CPU.ActiveCfg = Release|Any CPU
		{EDFC5804-09BE-41AD-9DAA-F9902E16113A}.Release|Any CPU.Build.0 = Release|Any CPU
		{EDFC5804-09BE-41AD-9DAA-F9902E16113A}.Release|iPhone.ActiveCfg = Release|Any CPU
		{EDFC5804-09BE-41AD-9DAA-F9902E16113A}.Release|iPhoneSimulator.ActiveCfg = Release|Any CPU
		{EDFC5804-09BE-41AD-9DAA-F9902E16113A}.Release|Mixed Platforms.ActiveCfg = Release|Any CPU
		{EDFC5804-09BE-41AD-9DAA-F9902E16113A}.Release|Mixed Platforms.Build.0 = Release|Any CPU
		{78D3824B-1D9D-4870-B0ED-339CCA6D0A78}.Ad-Hoc|Any CPU.ActiveCfg = Release|Any CPU
		{78D3824B-1D9D-4870-B0ED-339CCA6D0A78}.Ad-Hoc|Any CPU.Build.0 = Release|Any CPU
		{78D3824B-1D9D-4870-B0ED-339CCA6D0A78}.Ad-Hoc|iPhone.ActiveCfg = Release|Any CPU
		{78D3824B-1D9D-4870-B0ED-339CCA6D0A78}.Ad-Hoc|iPhoneSimulator.ActiveCfg = Release|Any CPU
		{78D3824B-1D9D-4870-B0ED-339CCA6D0A78}.Ad-Hoc|Mixed Platforms.ActiveCfg = Release|Any CPU
		{78D3824B-1D9D-4870-B0ED-339CCA6D0A78}.Ad-Hoc|Mixed Platforms.Build.0 = Release|Any CPU
		{78D3824B-1D9D-4870-B0ED-339CCA6D0A78}.AppStore|Any CPU.ActiveCfg = Release|Any CPU
		{78D3824B-1D9D-4870-B0ED-339CCA6D0A78}.AppStore|Any CPU.Build.0 = Release|Any CPU
		{78D3824B-1D9D-4870-B0ED-339CCA6D0A78}.AppStore|iPhone.ActiveCfg = Release|Any CPU
		{78D3824B-1D9D-4870-B0ED-339CCA6D0A78}.AppStore|iPhoneSimulator.ActiveCfg = Release|Any CPU
		{78D3824B-1D9D-4870-B0ED-339CCA6D0A78}.AppStore|Mixed Platforms.ActiveCfg = Release|Any CPU
		{78D3824B-1D9D-4870-B0ED-339CCA6D0A78}.AppStore|Mixed Platforms.Build.0 = Release|Any CPU
		{78D3824B-1D9D-4870-B0ED-339CCA6D0A78}.Debug|Any CPU.ActiveCfg = Debug|Any CPU
		{78D3824B-1D9D-4870-B0ED-339CCA6D0A78}.Debug|Any CPU.Build.0 = Debug|Any CPU
		{78D3824B-1D9D-4870-B0ED-339CCA6D0A78}.Debug|iPhone.ActiveCfg = Debug|Any CPU
		{78D3824B-1D9D-4870-B0ED-339CCA6D0A78}.Debug|iPhoneSimulator.ActiveCfg = Debug|Any CPU
		{78D3824B-1D9D-4870-B0ED-339CCA6D0A78}.Debug|Mixed Platforms.ActiveCfg = Debug|Any CPU
		{78D3824B-1D9D-4870-B0ED-339CCA6D0A78}.Debug|Mixed Platforms.Build.0 = Debug|Any CPU
		{78D3824B-1D9D-4870-B0ED-339CCA6D0A78}.Release|Any CPU.ActiveCfg = Release|Any CPU
		{78D3824B-1D9D-4870-B0ED-339CCA6D0A78}.Release|Any CPU.Build.0 = Release|Any CPU
		{78D3824B-1D9D-4870-B0ED-339CCA6D0A78}.Release|iPhone.ActiveCfg = Release|Any CPU
		{78D3824B-1D9D-4870-B0ED-339CCA6D0A78}.Release|iPhoneSimulator.ActiveCfg = Release|Any CPU
		{78D3824B-1D9D-4870-B0ED-339CCA6D0A78}.Release|Mixed Platforms.ActiveCfg = Release|Any CPU
		{78D3824B-1D9D-4870-B0ED-339CCA6D0A78}.Release|Mixed Platforms.Build.0 = Release|Any CPU
		{680C31CA-C072-4AF7-BCFC-8BD270BEE7BC}.Ad-Hoc|Any CPU.ActiveCfg = Release|Any CPU
		{680C31CA-C072-4AF7-BCFC-8BD270BEE7BC}.Ad-Hoc|Any CPU.Build.0 = Release|Any CPU
		{680C31CA-C072-4AF7-BCFC-8BD270BEE7BC}.Ad-Hoc|iPhone.ActiveCfg = Release|Any CPU
		{680C31CA-C072-4AF7-BCFC-8BD270BEE7BC}.Ad-Hoc|iPhoneSimulator.ActiveCfg = Release|Any CPU
		{680C31CA-C072-4AF7-BCFC-8BD270BEE7BC}.Ad-Hoc|Mixed Platforms.ActiveCfg = Release|Any CPU
		{680C31CA-C072-4AF7-BCFC-8BD270BEE7BC}.Ad-Hoc|Mixed Platforms.Build.0 = Release|Any CPU
		{680C31CA-C072-4AF7-BCFC-8BD270BEE7BC}.AppStore|Any CPU.ActiveCfg = Release|Any CPU
		{680C31CA-C072-4AF7-BCFC-8BD270BEE7BC}.AppStore|Any CPU.Build.0 = Release|Any CPU
		{680C31CA-C072-4AF7-BCFC-8BD270BEE7BC}.AppStore|iPhone.ActiveCfg = Release|Any CPU
		{680C31CA-C072-4AF7-BCFC-8BD270BEE7BC}.AppStore|iPhoneSimulator.ActiveCfg = Release|Any CPU
		{680C31CA-C072-4AF7-BCFC-8BD270BEE7BC}.AppStore|Mixed Platforms.ActiveCfg = Release|Any CPU
		{680C31CA-C072-4AF7-BCFC-8BD270BEE7BC}.AppStore|Mixed Platforms.Build.0 = Release|Any CPU
		{680C31CA-C072-4AF7-BCFC-8BD270BEE7BC}.Debug|Any CPU.ActiveCfg = Debug|Any CPU
		{680C31CA-C072-4AF7-BCFC-8BD270BEE7BC}.Debug|Any CPU.Build.0 = Debug|Any CPU
		{680C31CA-C072-4AF7-BCFC-8BD270BEE7BC}.Debug|iPhone.ActiveCfg = Debug|Any CPU
		{680C31CA-C072-4AF7-BCFC-8BD270BEE7BC}.Debug|iPhoneSimulator.ActiveCfg = Debug|Any CPU
		{680C31CA-C072-4AF7-BCFC-8BD270BEE7BC}.Debug|Mixed Platforms.ActiveCfg = Debug|Any CPU
		{680C31CA-C072-4AF7-BCFC-8BD270BEE7BC}.Debug|Mixed Platforms.Build.0 = Debug|Any CPU
		{680C31CA-C072-4AF7-BCFC-8BD270BEE7BC}.Release|Any CPU.ActiveCfg = Release|Any CPU
		{680C31CA-C072-4AF7-BCFC-8BD270BEE7BC}.Release|Any CPU.Build.0 = Release|Any CPU
		{680C31CA-C072-4AF7-BCFC-8BD270BEE7BC}.Release|iPhone.ActiveCfg = Release|Any CPU
		{680C31CA-C072-4AF7-BCFC-8BD270BEE7BC}.Release|iPhoneSimulator.ActiveCfg = Release|Any CPU
		{680C31CA-C072-4AF7-BCFC-8BD270BEE7BC}.Release|Mixed Platforms.ActiveCfg = Release|Any CPU
		{680C31CA-C072-4AF7-BCFC-8BD270BEE7BC}.Release|Mixed Platforms.Build.0 = Release|Any CPU
		{A74D8405-74EE-482D-A03E-92B45C17F9F5}.Ad-Hoc|Any CPU.ActiveCfg = Release|Any CPU
		{A74D8405-74EE-482D-A03E-92B45C17F9F5}.Ad-Hoc|Any CPU.Build.0 = Release|Any CPU
		{A74D8405-74EE-482D-A03E-92B45C17F9F5}.Ad-Hoc|iPhone.ActiveCfg = Release|Any CPU
		{A74D8405-74EE-482D-A03E-92B45C17F9F5}.Ad-Hoc|iPhoneSimulator.ActiveCfg = Release|Any CPU
		{A74D8405-74EE-482D-A03E-92B45C17F9F5}.Ad-Hoc|Mixed Platforms.ActiveCfg = Release|Any CPU
		{A74D8405-74EE-482D-A03E-92B45C17F9F5}.Ad-Hoc|Mixed Platforms.Build.0 = Release|Any CPU
		{A74D8405-74EE-482D-A03E-92B45C17F9F5}.AppStore|Any CPU.ActiveCfg = Release|Any CPU
		{A74D8405-74EE-482D-A03E-92B45C17F9F5}.AppStore|Any CPU.Build.0 = Release|Any CPU
		{A74D8405-74EE-482D-A03E-92B45C17F9F5}.AppStore|iPhone.ActiveCfg = Release|Any CPU
		{A74D8405-74EE-482D-A03E-92B45C17F9F5}.AppStore|iPhoneSimulator.ActiveCfg = Release|Any CPU
		{A74D8405-74EE-482D-A03E-92B45C17F9F5}.AppStore|Mixed Platforms.ActiveCfg = Release|Any CPU
		{A74D8405-74EE-482D-A03E-92B45C17F9F5}.AppStore|Mixed Platforms.Build.0 = Release|Any CPU
		{A74D8405-74EE-482D-A03E-92B45C17F9F5}.Debug|Any CPU.ActiveCfg = Debug|Any CPU
		{A74D8405-74EE-482D-A03E-92B45C17F9F5}.Debug|Any CPU.Build.0 = Debug|Any CPU
		{A74D8405-74EE-482D-A03E-92B45C17F9F5}.Debug|iPhone.ActiveCfg = Debug|Any CPU
		{A74D8405-74EE-482D-A03E-92B45C17F9F5}.Debug|iPhoneSimulator.ActiveCfg = Debug|Any CPU
		{A74D8405-74EE-482D-A03E-92B45C17F9F5}.Debug|Mixed Platforms.ActiveCfg = Debug|Any CPU
		{A74D8405-74EE-482D-A03E-92B45C17F9F5}.Debug|Mixed Platforms.Build.0 = Debug|Any CPU
		{A74D8405-74EE-482D-A03E-92B45C17F9F5}.Release|Any CPU.ActiveCfg = Release|Any CPU
		{A74D8405-74EE-482D-A03E-92B45C17F9F5}.Release|Any CPU.Build.0 = Release|Any CPU
		{A74D8405-74EE-482D-A03E-92B45C17F9F5}.Release|iPhone.ActiveCfg = Release|Any CPU
		{A74D8405-74EE-482D-A03E-92B45C17F9F5}.Release|iPhoneSimulator.ActiveCfg = Release|Any CPU
		{A74D8405-74EE-482D-A03E-92B45C17F9F5}.Release|Mixed Platforms.ActiveCfg = Release|Any CPU
		{A74D8405-74EE-482D-A03E-92B45C17F9F5}.Release|Mixed Platforms.Build.0 = Release|Any CPU
		{AA0A0646-FC49-496A-AE0F-7F24DF7675FA}.Ad-Hoc|Any CPU.ActiveCfg = Release|Any CPU
		{AA0A0646-FC49-496A-AE0F-7F24DF7675FA}.Ad-Hoc|Any CPU.Build.0 = Release|Any CPU
		{AA0A0646-FC49-496A-AE0F-7F24DF7675FA}.Ad-Hoc|iPhone.ActiveCfg = Release|Any CPU
		{AA0A0646-FC49-496A-AE0F-7F24DF7675FA}.Ad-Hoc|iPhoneSimulator.ActiveCfg = Release|Any CPU
		{AA0A0646-FC49-496A-AE0F-7F24DF7675FA}.Ad-Hoc|Mixed Platforms.ActiveCfg = Release|Any CPU
		{AA0A0646-FC49-496A-AE0F-7F24DF7675FA}.Ad-Hoc|Mixed Platforms.Build.0 = Release|Any CPU
		{AA0A0646-FC49-496A-AE0F-7F24DF7675FA}.AppStore|Any CPU.ActiveCfg = Release|Any CPU
		{AA0A0646-FC49-496A-AE0F-7F24DF7675FA}.AppStore|Any CPU.Build.0 = Release|Any CPU
		{AA0A0646-FC49-496A-AE0F-7F24DF7675FA}.AppStore|iPhone.ActiveCfg = Release|Any CPU
		{AA0A0646-FC49-496A-AE0F-7F24DF7675FA}.AppStore|iPhoneSimulator.ActiveCfg = Release|Any CPU
		{AA0A0646-FC49-496A-AE0F-7F24DF7675FA}.AppStore|Mixed Platforms.ActiveCfg = Release|Any CPU
		{AA0A0646-FC49-496A-AE0F-7F24DF7675FA}.AppStore|Mixed Platforms.Build.0 = Release|Any CPU
		{AA0A0646-FC49-496A-AE0F-7F24DF7675FA}.Debug|Any CPU.ActiveCfg = Debug|Any CPU
		{AA0A0646-FC49-496A-AE0F-7F24DF7675FA}.Debug|Any CPU.Build.0 = Debug|Any CPU
		{AA0A0646-FC49-496A-AE0F-7F24DF7675FA}.Debug|iPhone.ActiveCfg = Debug|Any CPU
		{AA0A0646-FC49-496A-AE0F-7F24DF7675FA}.Debug|iPhoneSimulator.ActiveCfg = Debug|Any CPU
		{AA0A0646-FC49-496A-AE0F-7F24DF7675FA}.Debug|Mixed Platforms.ActiveCfg = Debug|Any CPU
		{AA0A0646-FC49-496A-AE0F-7F24DF7675FA}.Debug|Mixed Platforms.Build.0 = Debug|Any CPU
		{AA0A0646-FC49-496A-AE0F-7F24DF7675FA}.Release|Any CPU.ActiveCfg = Release|Any CPU
		{AA0A0646-FC49-496A-AE0F-7F24DF7675FA}.Release|Any CPU.Build.0 = Release|Any CPU
		{AA0A0646-FC49-496A-AE0F-7F24DF7675FA}.Release|iPhone.ActiveCfg = Release|Any CPU
		{AA0A0646-FC49-496A-AE0F-7F24DF7675FA}.Release|iPhoneSimulator.ActiveCfg = Release|Any CPU
		{AA0A0646-FC49-496A-AE0F-7F24DF7675FA}.Release|Mixed Platforms.ActiveCfg = Release|Any CPU
		{AA0A0646-FC49-496A-AE0F-7F24DF7675FA}.Release|Mixed Platforms.Build.0 = Release|Any CPU
		{321AD674-0C1F-44CC-AFAD-188F47B39885}.Ad-Hoc|Any CPU.ActiveCfg = Release|Any CPU
		{321AD674-0C1F-44CC-AFAD-188F47B39885}.Ad-Hoc|Any CPU.Build.0 = Release|Any CPU
		{321AD674-0C1F-44CC-AFAD-188F47B39885}.Ad-Hoc|iPhone.ActiveCfg = Release|Any CPU
		{321AD674-0C1F-44CC-AFAD-188F47B39885}.Ad-Hoc|iPhoneSimulator.ActiveCfg = Release|Any CPU
		{321AD674-0C1F-44CC-AFAD-188F47B39885}.Ad-Hoc|Mixed Platforms.ActiveCfg = Release|Any CPU
		{321AD674-0C1F-44CC-AFAD-188F47B39885}.Ad-Hoc|Mixed Platforms.Build.0 = Release|Any CPU
		{321AD674-0C1F-44CC-AFAD-188F47B39885}.AppStore|Any CPU.ActiveCfg = Release|Any CPU
		{321AD674-0C1F-44CC-AFAD-188F47B39885}.AppStore|Any CPU.Build.0 = Release|Any CPU
		{321AD674-0C1F-44CC-AFAD-188F47B39885}.AppStore|iPhone.ActiveCfg = Release|Any CPU
		{321AD674-0C1F-44CC-AFAD-188F47B39885}.AppStore|iPhoneSimulator.ActiveCfg = Release|Any CPU
		{321AD674-0C1F-44CC-AFAD-188F47B39885}.AppStore|Mixed Platforms.ActiveCfg = Release|Any CPU
		{321AD674-0C1F-44CC-AFAD-188F47B39885}.AppStore|Mixed Platforms.Build.0 = Release|Any CPU
		{321AD674-0C1F-44CC-AFAD-188F47B39885}.Debug|Any CPU.ActiveCfg = Debug|Any CPU
		{321AD674-0C1F-44CC-AFAD-188F47B39885}.Debug|Any CPU.Build.0 = Debug|Any CPU
		{321AD674-0C1F-44CC-AFAD-188F47B39885}.Debug|iPhone.ActiveCfg = Debug|Any CPU
		{321AD674-0C1F-44CC-AFAD-188F47B39885}.Debug|iPhoneSimulator.ActiveCfg = Debug|Any CPU
		{321AD674-0C1F-44CC-AFAD-188F47B39885}.Debug|Mixed Platforms.ActiveCfg = Debug|Any CPU
		{321AD674-0C1F-44CC-AFAD-188F47B39885}.Debug|Mixed Platforms.Build.0 = Debug|Any CPU
		{321AD674-0C1F-44CC-AFAD-188F47B39885}.Release|Any CPU.ActiveCfg = Release|Any CPU
		{321AD674-0C1F-44CC-AFAD-188F47B39885}.Release|Any CPU.Build.0 = Release|Any CPU
		{321AD674-0C1F-44CC-AFAD-188F47B39885}.Release|iPhone.ActiveCfg = Release|Any CPU
		{321AD674-0C1F-44CC-AFAD-188F47B39885}.Release|iPhoneSimulator.ActiveCfg = Release|Any CPU
		{321AD674-0C1F-44CC-AFAD-188F47B39885}.Release|Mixed Platforms.ActiveCfg = Release|Any CPU
		{321AD674-0C1F-44CC-AFAD-188F47B39885}.Release|Mixed Platforms.Build.0 = Release|Any CPU
	EndGlobalSection
	GlobalSection(SolutionProperties) = preSolution
		HideSolutionNode = FALSE
	EndGlobalSection
EndGlobal
