
Microsoft Visual Studio Solution File, Format Version 12.00
# Visual Studio 14
VisualStudioVersion = 14.0.23107.0
MinimumVisualStudioVersion = 10.0.40219.1
Project("{FAE04EC0-301F-11D3-BF4B-00C04F79EFBC}") = "Velox.DB", "Velox.DB\Velox.DB.csproj", "{8DB31DB3-AE35-44C3-876E-940C19689C59}"
EndProject
Project("{D954291E-2A0B-460D-934E-DC6B0785DB48}") = "Velox.DB.SqlServer.Shared", "DataProviders\Velox.DB.SqlServer.Shared\Velox.DB.SqlServer.Shared.shproj", "{3F04700D-5917-4596-A2B2-873D4D320892}"
EndProject
Project("{FAE04EC0-301F-11D3-BF4B-00C04F79EFBC}") = "Velox.DB.Sqlite", "DataProviders\Velox.DB.Sqlite\Velox.DB.Sqlite.csproj", "{FCF8CC49-A5EB-46E4-932D-D4D6D36924A5}"
EndProject
Project("{D954291E-2A0B-460D-934E-DC6B0785DB48}") = "Velox.DB.SqlADO", "DataProviders\Velox.DB.SqlADO\Velox.DB.SqlADO.shproj", "{C87CA7D9-C64F-4001-86C8-444255165594}"
EndProject
Project("{FAE04EC0-301F-11D3-BF4B-00C04F79EFBC}") = "Velox.DB.SqlServer.iOS", "DataProviders\Velox.DB.SqlServer.iOS\Velox.DB.SqlServer.iOS.csproj", "{58368073-CE91-440C-948A-B75235B72CFC}"
EndProject
Project("{FAE04EC0-301F-11D3-BF4B-00C04F79EFBC}") = "Velox.DB.SqlServer.Android", "DataProviders\Velox.DB.SqlServer.Android\Velox.DB.SqlServer.Android.csproj", "{C791357B-B3A6-4904-8170-4D405F49B71A}"
EndProject
Global
	GlobalSection(SharedMSBuildProjectFiles) = preSolution
		DataProviders\Velox.DB.SqlServer.Shared\Velox.DB.SqlServer.Shared.projitems*{3f04700d-5917-4596-a2b2-873d4d320892}*SharedItemsImports = 13
		DataProviders\Velox.DB.SqlADO\Velox.DB.SqlADO.projitems*{58368073-ce91-440c-948a-b75235b72cfc}*SharedItemsImports = 4
		DataProviders\Velox.DB.SqlServer.Shared\Velox.DB.SqlServer.Shared.projitems*{58368073-ce91-440c-948a-b75235b72cfc}*SharedItemsImports = 4
		DataProviders\Velox.DB.SqlADO\Velox.DB.SqlADO.projitems*{c791357b-b3a6-4904-8170-4d405f49b71a}*SharedItemsImports = 4
		DataProviders\Velox.DB.SqlServer.Shared\Velox.DB.SqlServer.Shared.projitems*{c791357b-b3a6-4904-8170-4d405f49b71a}*SharedItemsImports = 4
		DataProviders\Velox.DB.SqlADO\Velox.DB.SqlADO.projitems*{c87ca7d9-c64f-4001-86c8-444255165594}*SharedItemsImports = 13
	EndGlobalSection
	GlobalSection(SolutionConfigurationPlatforms) = preSolution
		Debug|Any CPU = Debug|Any CPU
		Release|Any CPU = Release|Any CPU
	EndGlobalSection
	GlobalSection(ProjectConfigurationPlatforms) = postSolution
		{8DB31DB3-AE35-44C3-876E-940C19689C59}.Debug|Any CPU.ActiveCfg = Debug|Any CPU
		{8DB31DB3-AE35-44C3-876E-940C19689C59}.Debug|Any CPU.Build.0 = Debug|Any CPU
		{8DB31DB3-AE35-44C3-876E-940C19689C59}.Release|Any CPU.ActiveCfg = Release|Any CPU
		{8DB31DB3-AE35-44C3-876E-940C19689C59}.Release|Any CPU.Build.0 = Release|Any CPU
		{FCF8CC49-A5EB-46E4-932D-D4D6D36924A5}.Debug|Any CPU.ActiveCfg = Debug|Any CPU
		{FCF8CC49-A5EB-46E4-932D-D4D6D36924A5}.Debug|Any CPU.Build.0 = Debug|Any CPU
		{FCF8CC49-A5EB-46E4-932D-D4D6D36924A5}.Release|Any CPU.ActiveCfg = Release|Any CPU
		{FCF8CC49-A5EB-46E4-932D-D4D6D36924A5}.Release|Any CPU.Build.0 = Release|Any CPU
		{58368073-CE91-440C-948A-B75235B72CFC}.Debug|Any CPU.ActiveCfg = Debug|Any CPU
		{58368073-CE91-440C-948A-B75235B72CFC}.Debug|Any CPU.Build.0 = Debug|Any CPU
		{58368073-CE91-440C-948A-B75235B72CFC}.Release|Any CPU.ActiveCfg = Release|Any CPU
		{58368073-CE91-440C-948A-B75235B72CFC}.Release|Any CPU.Build.0 = Release|Any CPU
		{C791357B-B3A6-4904-8170-4D405F49B71A}.Debug|Any CPU.ActiveCfg = Debug|Any CPU
		{C791357B-B3A6-4904-8170-4D405F49B71A}.Debug|Any CPU.Build.0 = Debug|Any CPU
		{C791357B-B3A6-4904-8170-4D405F49B71A}.Release|Any CPU.ActiveCfg = Release|Any CPU
		{C791357B-B3A6-4904-8170-4D405F49B71A}.Release|Any CPU.Build.0 = Release|Any CPU
	EndGlobalSection
	GlobalSection(SolutionProperties) = preSolution
		HideSolutionNode = FALSE
	EndGlobalSection
EndGlobal
