
Microsoft Visual Studio Solution File, Format Version 12.00
# Visual Studio 2013
VisualStudioVersion = 12.0.30723.0
MinimumVisualStudioVersion = 10.0.40219.1
Project("{FAE04EC0-301F-11D3-BF4B-00C04F79EFBC}") = "Velox.DB", "Velox.DB\Velox.DB.csproj", "{8DB31DB3-AE35-44C3-876E-940C19689C59}"
EndProject
Project("{FAE04EC0-301F-11D3-BF4B-00C04F79EFBC}") = "Velox.DB.Sqlite.iOS", "Velox.DB.Sqlite.iOS\Velox.DB.Sqlite.iOS.csproj", "{6B63AAAF-9664-4398-855C-BC98CF6F6195}"
EndProject
Project("{FAE04EC0-301F-11D3-BF4B-00C04F79EFBC}") = "Velox.DB.Test.iOS", "Velox.DB.Test.iOS\Velox.DB.Test.iOS.csproj", "{30B9B73D-017F-4824-9235-5D9D1FAC1AB6}"
EndProject
Project("{FAE04EC0-301F-11D3-BF4B-00C04F79EFBC}") = "Velox.DB.TextExpressions", "Velox.DB.TextExpressions\Velox.DB.TextExpressions.csproj", "{321AD674-0C1F-44CC-AFAD-188F47B39885}"
EndProject
Global
	GlobalSection(SolutionConfigurationPlatforms) = preSolution
		Ad-Hoc|Any CPU = Ad-Hoc|Any CPU
		Ad-Hoc|iPhone = Ad-Hoc|iPhone
		Ad-Hoc|iPhoneSimulator = Ad-Hoc|iPhoneSimulator
		Ad-Hoc|Mixed Platforms = Ad-Hoc|Mixed Platforms
		AppStore|Any CPU = AppStore|Any CPU
		AppStore|iPhone = AppStore|iPhone
		AppStore|iPhoneSimulator = AppStore|iPhoneSimulator
		AppStore|Mixed Platforms = AppStore|Mixed Platforms
		Debug|Any CPU = Debug|Any CPU
		Debug|iPhone = Debug|iPhone
		Debug|iPhoneSimulator = Debug|iPhoneSimulator
		Debug|Mixed Platforms = Debug|Mixed Platforms
		Release|Any CPU = Release|Any CPU
		Release|iPhone = Release|iPhone
		Release|iPhoneSimulator = Release|iPhoneSimulator
		Release|Mixed Platforms = Release|Mixed Platforms
	EndGlobalSection
	GlobalSection(ProjectConfigurationPlatforms) = postSolution
		{8DB31DB3-AE35-44C3-876E-940C19689C59}.Ad-Hoc|Any CPU.ActiveCfg = Release|Any CPU
		{8DB31DB3-AE35-44C3-876E-940C19689C59}.Ad-Hoc|Any CPU.Build.0 = Release|Any CPU
		{8DB31DB3-AE35-44C3-876E-940C19689C59}.Ad-Hoc|iPhone.ActiveCfg = Release|Any CPU
		{8DB31DB3-AE35-44C3-876E-940C19689C59}.Ad-Hoc|iPhoneSimulator.ActiveCfg = Release|Any CPU
		{8DB31DB3-AE35-44C3-876E-940C19689C59}.Ad-Hoc|Mixed Platforms.ActiveCfg = Release|Any CPU
		{8DB31DB3-AE35-44C3-876E-940C19689C59}.Ad-Hoc|Mixed Platforms.Build.0 = Release|Any CPU
		{8DB31DB3-AE35-44C3-876E-940C19689C59}.AppStore|Any CPU.ActiveCfg = Release|Any CPU
		{8DB31DB3-AE35-44C3-876E-940C19689C59}.AppStore|Any CPU.Build.0 = Release|Any CPU
		{8DB31DB3-AE35-44C3-876E-940C19689C59}.AppStore|iPhone.ActiveCfg = Release|Any CPU
		{8DB31DB3-AE35-44C3-876E-940C19689C59}.AppStore|iPhoneSimulator.ActiveCfg = Release|Any CPU
		{8DB31DB3-AE35-44C3-876E-940C19689C59}.AppStore|Mixed Platforms.ActiveCfg = Release|Any CPU
		{8DB31DB3-AE35-44C3-876E-940C19689C59}.AppStore|Mixed Platforms.Build.0 = Release|Any CPU
		{8DB31DB3-AE35-44C3-876E-940C19689C59}.Debug|Any CPU.ActiveCfg = Debug|Any CPU
		{8DB31DB3-AE35-44C3-876E-940C19689C59}.Debug|Any CPU.Build.0 = Debug|Any CPU
		{8DB31DB3-AE35-44C3-876E-940C19689C59}.Debug|iPhone.ActiveCfg = Debug|Any CPU
		{8DB31DB3-AE35-44C3-876E-940C19689C59}.Debug|iPhoneSimulator.ActiveCfg = Debug|Any CPU
		{8DB31DB3-AE35-44C3-876E-940C19689C59}.Debug|iPhoneSimulator.Build.0 = Debug|Any CPU
		{8DB31DB3-AE35-44C3-876E-940C19689C59}.Debug|Mixed Platforms.ActiveCfg = Debug|Any CPU
		{8DB31DB3-AE35-44C3-876E-940C19689C59}.Debug|Mixed Platforms.Build.0 = Debug|Any CPU
		{8DB31DB3-AE35-44C3-876E-940C19689C59}.Release|Any CPU.ActiveCfg = Release|Any CPU
		{8DB31DB3-AE35-44C3-876E-940C19689C59}.Release|Any CPU.Build.0 = Release|Any CPU
		{8DB31DB3-AE35-44C3-876E-940C19689C59}.Release|iPhone.ActiveCfg = Release|Any CPU
		{8DB31DB3-AE35-44C3-876E-940C19689C59}.Release|iPhoneSimulator.ActiveCfg = Release|Any CPU
		{8DB31DB3-AE35-44C3-876E-940C19689C59}.Release|iPhoneSimulator.Build.0 = Release|Any CPU
		{8DB31DB3-AE35-44C3-876E-940C19689C59}.Release|Mixed Platforms.ActiveCfg = Release|Any CPU
		{8DB31DB3-AE35-44C3-876E-940C19689C59}.Release|Mixed Platforms.Build.0 = Release|Any CPU
		{6B63AAAF-9664-4398-855C-BC98CF6F6195}.Ad-Hoc|Any CPU.ActiveCfg = Release|Any CPU
		{6B63AAAF-9664-4398-855C-BC98CF6F6195}.Ad-Hoc|Any CPU.Build.0 = Release|Any CPU
		{6B63AAAF-9664-4398-855C-BC98CF6F6195}.Ad-Hoc|iPhone.ActiveCfg = Release|Any CPU
		{6B63AAAF-9664-4398-855C-BC98CF6F6195}.Ad-Hoc|iPhoneSimulator.ActiveCfg = Release|Any CPU
		{6B63AAAF-9664-4398-855C-BC98CF6F6195}.Ad-Hoc|Mixed Platforms.ActiveCfg = Release|Any CPU
		{6B63AAAF-9664-4398-855C-BC98CF6F6195}.Ad-Hoc|Mixed Platforms.Build.0 = Release|Any CPU
		{6B63AAAF-9664-4398-855C-BC98CF6F6195}.AppStore|Any CPU.ActiveCfg = Release|Any CPU
		{6B63AAAF-9664-4398-855C-BC98CF6F6195}.AppStore|Any CPU.Build.0 = Release|Any CPU
		{6B63AAAF-9664-4398-855C-BC98CF6F6195}.AppStore|iPhone.ActiveCfg = Release|Any CPU
		{6B63AAAF-9664-4398-855C-BC98CF6F6195}.AppStore|iPhoneSimulator.ActiveCfg = Release|Any CPU
		{6B63AAAF-9664-4398-855C-BC98CF6F6195}.AppStore|Mixed Platforms.ActiveCfg = Release|Any CPU
		{6B63AAAF-9664-4398-855C-BC98CF6F6195}.AppStore|Mixed Platforms.Build.0 = Release|Any CPU
		{6B63AAAF-9664-4398-855C-BC98CF6F6195}.Debug|Any CPU.ActiveCfg = Debug|Any CPU
		{6B63AAAF-9664-4398-855C-BC98CF6F6195}.Debug|Any CPU.Build.0 = Debug|Any CPU
		{6B63AAAF-9664-4398-855C-BC98CF6F6195}.Debug|iPhone.ActiveCfg = Debug|Any CPU
		{6B63AAAF-9664-4398-855C-BC98CF6F6195}.Debug|iPhoneSimulator.ActiveCfg = Debug|Any CPU
		{6B63AAAF-9664-4398-855C-BC98CF6F6195}.Debug|iPhoneSimulator.Build.0 = Debug|Any CPU
		{6B63AAAF-9664-4398-855C-BC98CF6F6195}.Debug|Mixed Platforms.ActiveCfg = Debug|Any CPU
		{6B63AAAF-9664-4398-855C-BC98CF6F6195}.Debug|Mixed Platforms.Build.0 = Debug|Any CPU
		{6B63AAAF-9664-4398-855C-BC98CF6F6195}.Release|Any CPU.ActiveCfg = Release|Any CPU
		{6B63AAAF-9664-4398-855C-BC98CF6F6195}.Release|Any CPU.Build.0 = Release|Any CPU
		{6B63AAAF-9664-4398-855C-BC98CF6F6195}.Release|iPhone.ActiveCfg = Release|Any CPU
		{6B63AAAF-9664-4398-855C-BC98CF6F6195}.Release|iPhoneSimulator.ActiveCfg = Release|Any CPU
		{6B63AAAF-9664-4398-855C-BC98CF6F6195}.Release|iPhoneSimulator.Build.0 = Release|Any CPU
		{6B63AAAF-9664-4398-855C-BC98CF6F6195}.Release|Mixed Platforms.ActiveCfg = Release|Any CPU
		{6B63AAAF-9664-4398-855C-BC98CF6F6195}.Release|Mixed Platforms.Build.0 = Release|Any CPU
		{30B9B73D-017F-4824-9235-5D9D1FAC1AB6}.Ad-Hoc|Any CPU.ActiveCfg = Ad-Hoc|iPhone
		{30B9B73D-017F-4824-9235-5D9D1FAC1AB6}.Ad-Hoc|iPhone.ActiveCfg = Ad-Hoc|iPhone
		{30B9B73D-017F-4824-9235-5D9D1FAC1AB6}.Ad-Hoc|iPhone.Build.0 = Ad-Hoc|iPhone
		{30B9B73D-017F-4824-9235-5D9D1FAC1AB6}.Ad-Hoc|iPhoneSimulator.ActiveCfg = Ad-Hoc|iPhoneSimulator
		{30B9B73D-017F-4824-9235-5D9D1FAC1AB6}.Ad-Hoc|iPhoneSimulator.Build.0 = Ad-Hoc|iPhoneSimulator
		{30B9B73D-017F-4824-9235-5D9D1FAC1AB6}.Ad-Hoc|Mixed Platforms.ActiveCfg = Ad-Hoc|iPhone
		{30B9B73D-017F-4824-9235-5D9D1FAC1AB6}.Ad-Hoc|Mixed Platforms.Build.0 = Ad-Hoc|iPhone
		{30B9B73D-017F-4824-9235-5D9D1FAC1AB6}.AppStore|Any CPU.ActiveCfg = AppStore|iPhone
		{30B9B73D-017F-4824-9235-5D9D1FAC1AB6}.AppStore|iPhone.ActiveCfg = AppStore|iPhone
		{30B9B73D-017F-4824-9235-5D9D1FAC1AB6}.AppStore|iPhone.Build.0 = AppStore|iPhone
		{30B9B73D-017F-4824-9235-5D9D1FAC1AB6}.AppStore|iPhoneSimulator.ActiveCfg = AppStore|iPhoneSimulator
		{30B9B73D-017F-4824-9235-5D9D1FAC1AB6}.AppStore|iPhoneSimulator.Build.0 = AppStore|iPhoneSimulator
		{30B9B73D-017F-4824-9235-5D9D1FAC1AB6}.AppStore|Mixed Platforms.ActiveCfg = AppStore|iPhone
		{30B9B73D-017F-4824-9235-5D9D1FAC1AB6}.AppStore|Mixed Platforms.Build.0 = AppStore|iPhone
		{30B9B73D-017F-4824-9235-5D9D1FAC1AB6}.Debug|Any CPU.ActiveCfg = Debug|iPhone
		{30B9B73D-017F-4824-9235-5D9D1FAC1AB6}.Debug|iPhone.ActiveCfg = Debug|iPhone
		{30B9B73D-017F-4824-9235-5D9D1FAC1AB6}.Debug|iPhone.Build.0 = Debug|iPhone
		{30B9B73D-017F-4824-9235-5D9D1FAC1AB6}.Debug|iPhoneSimulator.ActiveCfg = Debug|iPhoneSimulator
		{30B9B73D-017F-4824-9235-5D9D1FAC1AB6}.Debug|iPhoneSimulator.Build.0 = Debug|iPhoneSimulator
		{30B9B73D-017F-4824-9235-5D9D1FAC1AB6}.Debug|Mixed Platforms.ActiveCfg = Debug|iPhone
		{30B9B73D-017F-4824-9235-5D9D1FAC1AB6}.Debug|Mixed Platforms.Build.0 = Debug|iPhone
		{30B9B73D-017F-4824-9235-5D9D1FAC1AB6}.Release|Any CPU.ActiveCfg = Release|iPhone
		{30B9B73D-017F-4824-9235-5D9D1FAC1AB6}.Release|iPhone.ActiveCfg = Release|iPhone
		{30B9B73D-017F-4824-9235-5D9D1FAC1AB6}.Release|iPhone.Build.0 = Release|iPhone
		{30B9B73D-017F-4824-9235-5D9D1FAC1AB6}.Release|iPhoneSimulator.ActiveCfg = Release|iPhoneSimulator
		{30B9B73D-017F-4824-9235-5D9D1FAC1AB6}.Release|iPhoneSimulator.Build.0 = Release|iPhoneSimulator
		{30B9B73D-017F-4824-9235-5D9D1FAC1AB6}.Release|Mixed Platforms.ActiveCfg = Release|iPhone
		{30B9B73D-017F-4824-9235-5D9D1FAC1AB6}.Release|Mixed Platforms.Build.0 = Release|iPhone
		{321AD674-0C1F-44CC-AFAD-188F47B39885}.Ad-Hoc|Any CPU.ActiveCfg = Release|Any CPU
		{321AD674-0C1F-44CC-AFAD-188F47B39885}.Ad-Hoc|Any CPU.Build.0 = Release|Any CPU
		{321AD674-0C1F-44CC-AFAD-188F47B39885}.Ad-Hoc|iPhone.ActiveCfg = Release|Any CPU
		{321AD674-0C1F-44CC-AFAD-188F47B39885}.Ad-Hoc|iPhoneSimulator.ActiveCfg = Release|Any CPU
		{321AD674-0C1F-44CC-AFAD-188F47B39885}.Ad-Hoc|Mixed Platforms.ActiveCfg = Release|Any CPU
		{321AD674-0C1F-44CC-AFAD-188F47B39885}.Ad-Hoc|Mixed Platforms.Build.0 = Release|Any CPU
		{321AD674-0C1F-44CC-AFAD-188F47B39885}.AppStore|Any CPU.ActiveCfg = Release|Any CPU
		{321AD674-0C1F-44CC-AFAD-188F47B39885}.AppStore|Any CPU.Build.0 = Release|Any CPU
		{321AD674-0C1F-44CC-AFAD-188F47B39885}.AppStore|iPhone.ActiveCfg = Release|Any CPU
		{321AD674-0C1F-44CC-AFAD-188F47B39885}.AppStore|iPhoneSimulator.ActiveCfg = Release|Any CPU
		{321AD674-0C1F-44CC-AFAD-188F47B39885}.AppStore|Mixed Platforms.ActiveCfg = Release|Any CPU
		{321AD674-0C1F-44CC-AFAD-188F47B39885}.AppStore|Mixed Platforms.Build.0 = Release|Any CPU
		{321AD674-0C1F-44CC-AFAD-188F47B39885}.Debug|Any CPU.ActiveCfg = Debug|Any CPU
		{321AD674-0C1F-44CC-AFAD-188F47B39885}.Debug|Any CPU.Build.0 = Debug|Any CPU
		{321AD674-0C1F-44CC-AFAD-188F47B39885}.Debug|iPhone.ActiveCfg = Debug|Any CPU
		{321AD674-0C1F-44CC-AFAD-188F47B39885}.Debug|iPhoneSimulator.ActiveCfg = Debug|Any CPU
		{321AD674-0C1F-44CC-AFAD-188F47B39885}.Debug|iPhoneSimulator.Build.0 = Debug|Any CPU
		{321AD674-0C1F-44CC-AFAD-188F47B39885}.Debug|Mixed Platforms.ActiveCfg = Debug|Any CPU
		{321AD674-0C1F-44CC-AFAD-188F47B39885}.Debug|Mixed Platforms.Build.0 = Debug|Any CPU
		{321AD674-0C1F-44CC-AFAD-188F47B39885}.Release|Any CPU.ActiveCfg = Release|Any CPU
		{321AD674-0C1F-44CC-AFAD-188F47B39885}.Release|Any CPU.Build.0 = Release|Any CPU
		{321AD674-0C1F-44CC-AFAD-188F47B39885}.Release|iPhone.ActiveCfg = Release|Any CPU
		{321AD674-0C1F-44CC-AFAD-188F47B39885}.Release|iPhoneSimulator.ActiveCfg = Release|Any CPU
		{321AD674-0C1F-44CC-AFAD-188F47B39885}.Release|iPhoneSimulator.Build.0 = Release|Any CPU
		{321AD674-0C1F-44CC-AFAD-188F47B39885}.Release|Mixed Platforms.ActiveCfg = Release|Any CPU
		{321AD674-0C1F-44CC-AFAD-188F47B39885}.Release|Mixed Platforms.Build.0 = Release|Any CPU
	EndGlobalSection
	GlobalSection(SolutionProperties) = preSolution
		HideSolutionNode = FALSE
	EndGlobalSection
EndGlobal
