
Microsoft Visual Studio Solution File, Format Version 12.00
# Visual Studio 2013
VisualStudioVersion = 12.0.30723.0
MinimumVisualStudioVersion = 10.0.40219.1
Project("{FAE04EC0-301F-11D3-BF4B-00C04F79EFBC}") = "Velox.DB", "Velox.DB\Velox.DB.csproj", "{8DB31DB3-AE35-44C3-876E-940C19689C59}"
EndProject
Project("{FAE04EC0-301F-11D3-BF4B-00C04F79EFBC}") = "Velox.DB.AdoSql", "Velox.DB.AdoSql\Velox.DB.AdoSql.csproj", "{EDFC5804-09BE-41AD-9DAA-F9902E16113A}"
EndProject
Project("{FAE04EC0-301F-11D3-BF4B-00C04F79EFBC}") = "Velox.DB.SqlServer", "Velox.DB.SqlServer\Velox.DB.SqlServer.csproj", "{680C31CA-C072-4AF7-BCFC-8BD270BEE7BC}"
EndProject
Project("{FAE04EC0-301F-11D3-BF4B-00C04F79EFBC}") = "Velox.DB.MySql", "Velox.DB.MySql\Velox.DB.MySql.csproj", "{A74D8405-74EE-482D-A03E-92B45C17F9F5}"
EndProject
Project("{FAE04EC0-301F-11D3-BF4B-00C04F79EFBC}") = "Velox.DB.Test", "Velox.DB.Test\Velox.DB.Test.csproj", "{AA0A0646-FC49-496A-AE0F-7F24DF7675FA}"
EndProject
Project("{FAE04EC0-301F-11D3-BF4B-00C04F79EFBC}") = "Velox.DB.TextExpressions", "Velox.DB.TextExpressions\Velox.DB.TextExpressions.csproj", "{321AD674-0C1F-44CC-AFAD-188F47B39885}"
EndProject
Project("{FAE04EC0-301F-11D3-BF4B-00C04F79EFBC}") = "Velox.DB.Test.WinPhone", "Velox.DB.Test.WinPhone\Velox.DB.Test.WinPhone.csproj", "{3F5D3B90-3A02-4C27-B42B-73F4C1D40FB6}"
EndProject
Project("{FAE04EC0-301F-11D3-BF4B-00C04F79EFBC}") = "Velox.DB.Test.WinPhone.App", "Velox.DB.Test.WinPhone.App\Velox.DB.Test.WinPhone.App.csproj", "{02D06728-5DB9-4CD6-9106-0610081F9D1D}"
EndProject
Project("{2150E333-8FDC-42A3-9474-1A3956D46DE8}") = "Test", "Test", "{BAA00DEC-D55A-4960-90E4-9FACE1896676}"
EndProject
Project("{FAE04EC0-301F-11D3-BF4B-00C04F79EFBC}") = "Velox.DB.Sqlite", "Velox.DB.Sqlite\Velox.DB.Sqlite.csproj", "{FCF8CC49-A5EB-46E4-932D-D4D6D36924A5}"
EndProject
Global
	GlobalSection(SolutionConfigurationPlatforms) = preSolution
		Ad-Hoc|Any CPU = Ad-Hoc|Any CPU
		Ad-Hoc|ARM = Ad-Hoc|ARM
		Ad-Hoc|iPhone = Ad-Hoc|iPhone
		Ad-Hoc|iPhoneSimulator = Ad-Hoc|iPhoneSimulator
		Ad-Hoc|Mixed Platforms = Ad-Hoc|Mixed Platforms
		Ad-Hoc|x86 = Ad-Hoc|x86
		AppStore|Any CPU = AppStore|Any CPU
		AppStore|ARM = AppStore|ARM
		AppStore|iPhone = AppStore|iPhone
		AppStore|iPhoneSimulator = AppStore|iPhoneSimulator
		AppStore|Mixed Platforms = AppStore|Mixed Platforms
		AppStore|x86 = AppStore|x86
		Debug|Any CPU = Debug|Any CPU
		Debug|ARM = Debug|ARM
		Debug|iPhone = Debug|iPhone
		Debug|iPhoneSimulator = Debug|iPhoneSimulator
		Debug|Mixed Platforms = Debug|Mixed Platforms
		Debug|x86 = Debug|x86
		Release|Any CPU = Release|Any CPU
		Release|ARM = Release|ARM
		Release|iPhone = Release|iPhone
		Release|iPhoneSimulator = Release|iPhoneSimulator
		Release|Mixed Platforms = Release|Mixed Platforms
		Release|x86 = Release|x86
	EndGlobalSection
	GlobalSection(ProjectConfigurationPlatforms) = postSolution
		{8DB31DB3-AE35-44C3-876E-940C19689C59}.Ad-Hoc|Any CPU.ActiveCfg = Release|Any CPU
		{8DB31DB3-AE35-44C3-876E-940C19689C59}.Ad-Hoc|Any CPU.Build.0 = Release|Any CPU
		{8DB31DB3-AE35-44C3-876E-940C19689C59}.Ad-Hoc|ARM.ActiveCfg = Debug|Any CPU
		{8DB31DB3-AE35-44C3-876E-940C19689C59}.Ad-Hoc|iPhone.ActiveCfg = Release|Any CPU
		{8DB31DB3-AE35-44C3-876E-940C19689C59}.Ad-Hoc|iPhoneSimulator.ActiveCfg = Release|Any CPU
		{8DB31DB3-AE35-44C3-876E-940C19689C59}.Ad-Hoc|Mixed Platforms.ActiveCfg = Release|Any CPU
		{8DB31DB3-AE35-44C3-876E-940C19689C59}.Ad-Hoc|Mixed Platforms.Build.0 = Release|Any CPU
		{8DB31DB3-AE35-44C3-876E-940C19689C59}.Ad-Hoc|x86.ActiveCfg = Debug|Any CPU
		{8DB31DB3-AE35-44C3-876E-940C19689C59}.AppStore|Any CPU.ActiveCfg = Release|Any CPU
		{8DB31DB3-AE35-44C3-876E-940C19689C59}.AppStore|Any CPU.Build.0 = Release|Any CPU
		{8DB31DB3-AE35-44C3-876E-940C19689C59}.AppStore|ARM.ActiveCfg = Debug|Any CPU
		{8DB31DB3-AE35-44C3-876E-940C19689C59}.AppStore|iPhone.ActiveCfg = Release|Any CPU
		{8DB31DB3-AE35-44C3-876E-940C19689C59}.AppStore|iPhoneSimulator.ActiveCfg = Release|Any CPU
		{8DB31DB3-AE35-44C3-876E-940C19689C59}.AppStore|Mixed Platforms.ActiveCfg = Release|Any CPU
		{8DB31DB3-AE35-44C3-876E-940C19689C59}.AppStore|Mixed Platforms.Build.0 = Release|Any CPU
		{8DB31DB3-AE35-44C3-876E-940C19689C59}.AppStore|x86.ActiveCfg = Debug|Any CPU
		{8DB31DB3-AE35-44C3-876E-940C19689C59}.Debug|Any CPU.ActiveCfg = Debug|Any CPU
		{8DB31DB3-AE35-44C3-876E-940C19689C59}.Debug|Any CPU.Build.0 = Debug|Any CPU
		{8DB31DB3-AE35-44C3-876E-940C19689C59}.Debug|ARM.ActiveCfg = Debug|Any CPU
		{8DB31DB3-AE35-44C3-876E-940C19689C59}.Debug|iPhone.ActiveCfg = Debug|Any CPU
		{8DB31DB3-AE35-44C3-876E-940C19689C59}.Debug|iPhoneSimulator.ActiveCfg = Debug|Any CPU
		{8DB31DB3-AE35-44C3-876E-940C19689C59}.Debug|Mixed Platforms.ActiveCfg = Debug|Any CPU
		{8DB31DB3-AE35-44C3-876E-940C19689C59}.Debug|Mixed Platforms.Build.0 = Debug|Any CPU
		{8DB31DB3-AE35-44C3-876E-940C19689C59}.Debug|x86.ActiveCfg = Debug|Any CPU
		{8DB31DB3-AE35-44C3-876E-940C19689C59}.Release|Any CPU.ActiveCfg = Release|Any CPU
		{8DB31DB3-AE35-44C3-876E-940C19689C59}.Release|Any CPU.Build.0 = Release|Any CPU
		{8DB31DB3-AE35-44C3-876E-940C19689C59}.Release|ARM.ActiveCfg = Release|Any CPU
		{8DB31DB3-AE35-44C3-876E-940C19689C59}.Release|iPhone.ActiveCfg = Release|Any CPU
		{8DB31DB3-AE35-44C3-876E-940C19689C59}.Release|iPhoneSimulator.ActiveCfg = Release|Any CPU
		{8DB31DB3-AE35-44C3-876E-940C19689C59}.Release|Mixed Platforms.ActiveCfg = Release|Any CPU
		{8DB31DB3-AE35-44C3-876E-940C19689C59}.Release|Mixed Platforms.Build.0 = Release|Any CPU
		{8DB31DB3-AE35-44C3-876E-940C19689C59}.Release|x86.ActiveCfg = Release|Any CPU
		{EDFC5804-09BE-41AD-9DAA-F9902E16113A}.Ad-Hoc|Any CPU.ActiveCfg = Release|Any CPU
		{EDFC5804-09BE-41AD-9DAA-F9902E16113A}.Ad-Hoc|Any CPU.Build.0 = Release|Any CPU
		{EDFC5804-09BE-41AD-9DAA-F9902E16113A}.Ad-Hoc|ARM.ActiveCfg = Debug|Any CPU
		{EDFC5804-09BE-41AD-9DAA-F9902E16113A}.Ad-Hoc|iPhone.ActiveCfg = Release|Any CPU
		{EDFC5804-09BE-41AD-9DAA-F9902E16113A}.Ad-Hoc|iPhoneSimulator.ActiveCfg = Release|Any CPU
		{EDFC5804-09BE-41AD-9DAA-F9902E16113A}.Ad-Hoc|Mixed Platforms.ActiveCfg = Release|Any CPU
		{EDFC5804-09BE-41AD-9DAA-F9902E16113A}.Ad-Hoc|Mixed Platforms.Build.0 = Release|Any CPU
		{EDFC5804-09BE-41AD-9DAA-F9902E16113A}.Ad-Hoc|x86.ActiveCfg = Debug|Any CPU
		{EDFC5804-09BE-41AD-9DAA-F9902E16113A}.AppStore|Any CPU.ActiveCfg = Release|Any CPU
		{EDFC5804-09BE-41AD-9DAA-F9902E16113A}.AppStore|Any CPU.Build.0 = Release|Any CPU
		{EDFC5804-09BE-41AD-9DAA-F9902E16113A}.AppStore|ARM.ActiveCfg = Debug|Any CPU
		{EDFC5804-09BE-41AD-9DAA-F9902E16113A}.AppStore|iPhone.ActiveCfg = Release|Any CPU
		{EDFC5804-09BE-41AD-9DAA-F9902E16113A}.AppStore|iPhoneSimulator.ActiveCfg = Release|Any CPU
		{EDFC5804-09BE-41AD-9DAA-F9902E16113A}.AppStore|Mixed Platforms.ActiveCfg = Release|Any CPU
		{EDFC5804-09BE-41AD-9DAA-F9902E16113A}.AppStore|Mixed Platforms.Build.0 = Release|Any CPU
		{EDFC5804-09BE-41AD-9DAA-F9902E16113A}.AppStore|x86.ActiveCfg = Debug|Any CPU
		{EDFC5804-09BE-41AD-9DAA-F9902E16113A}.Debug|Any CPU.ActiveCfg = Debug|Any CPU
		{EDFC5804-09BE-41AD-9DAA-F9902E16113A}.Debug|Any CPU.Build.0 = Debug|Any CPU
		{EDFC5804-09BE-41AD-9DAA-F9902E16113A}.Debug|ARM.ActiveCfg = Debug|Any CPU
		{EDFC5804-09BE-41AD-9DAA-F9902E16113A}.Debug|iPhone.ActiveCfg = Debug|Any CPU
		{EDFC5804-09BE-41AD-9DAA-F9902E16113A}.Debug|iPhoneSimulator.ActiveCfg = Debug|Any CPU
		{EDFC5804-09BE-41AD-9DAA-F9902E16113A}.Debug|Mixed Platforms.ActiveCfg = Debug|Any CPU
		{EDFC5804-09BE-41AD-9DAA-F9902E16113A}.Debug|Mixed Platforms.Build.0 = Debug|Any CPU
		{EDFC5804-09BE-41AD-9DAA-F9902E16113A}.Debug|x86.ActiveCfg = Debug|Any CPU
		{EDFC5804-09BE-41AD-9DAA-F9902E16113A}.Release|Any CPU.ActiveCfg = Release|Any CPU
		{EDFC5804-09BE-41AD-9DAA-F9902E16113A}.Release|Any CPU.Build.0 = Release|Any CPU
		{EDFC5804-09BE-41AD-9DAA-F9902E16113A}.Release|ARM.ActiveCfg = Release|Any CPU
		{EDFC5804-09BE-41AD-9DAA-F9902E16113A}.Release|iPhone.ActiveCfg = Release|Any CPU
		{EDFC5804-09BE-41AD-9DAA-F9902E16113A}.Release|iPhoneSimulator.ActiveCfg = Release|Any CPU
		{EDFC5804-09BE-41AD-9DAA-F9902E16113A}.Release|Mixed Platforms.ActiveCfg = Release|Any CPU
		{EDFC5804-09BE-41AD-9DAA-F9902E16113A}.Release|Mixed Platforms.Build.0 = Release|Any CPU
		{EDFC5804-09BE-41AD-9DAA-F9902E16113A}.Release|x86.ActiveCfg = Release|Any CPU
		{680C31CA-C072-4AF7-BCFC-8BD270BEE7BC}.Ad-Hoc|Any CPU.ActiveCfg = Release|Any CPU
		{680C31CA-C072-4AF7-BCFC-8BD270BEE7BC}.Ad-Hoc|Any CPU.Build.0 = Release|Any CPU
		{680C31CA-C072-4AF7-BCFC-8BD270BEE7BC}.Ad-Hoc|ARM.ActiveCfg = Debug|Any CPU
		{680C31CA-C072-4AF7-BCFC-8BD270BEE7BC}.Ad-Hoc|iPhone.ActiveCfg = Release|Any CPU
		{680C31CA-C072-4AF7-BCFC-8BD270BEE7BC}.Ad-Hoc|iPhoneSimulator.ActiveCfg = Release|Any CPU
		{680C31CA-C072-4AF7-BCFC-8BD270BEE7BC}.Ad-Hoc|Mixed Platforms.ActiveCfg = Release|Any CPU
		{680C31CA-C072-4AF7-BCFC-8BD270BEE7BC}.Ad-Hoc|Mixed Platforms.Build.0 = Release|Any CPU
		{680C31CA-C072-4AF7-BCFC-8BD270BEE7BC}.Ad-Hoc|x86.ActiveCfg = Debug|Any CPU
		{680C31CA-C072-4AF7-BCFC-8BD270BEE7BC}.AppStore|Any CPU.ActiveCfg = Release|Any CPU
		{680C31CA-C072-4AF7-BCFC-8BD270BEE7BC}.AppStore|Any CPU.Build.0 = Release|Any CPU
		{680C31CA-C072-4AF7-BCFC-8BD270BEE7BC}.AppStore|ARM.ActiveCfg = Debug|Any CPU
		{680C31CA-C072-4AF7-BCFC-8BD270BEE7BC}.AppStore|iPhone.ActiveCfg = Release|Any CPU
		{680C31CA-C072-4AF7-BCFC-8BD270BEE7BC}.AppStore|iPhoneSimulator.ActiveCfg = Release|Any CPU
		{680C31CA-C072-4AF7-BCFC-8BD270BEE7BC}.AppStore|Mixed Platforms.ActiveCfg = Release|Any CPU
		{680C31CA-C072-4AF7-BCFC-8BD270BEE7BC}.AppStore|Mixed Platforms.Build.0 = Release|Any CPU
		{680C31CA-C072-4AF7-BCFC-8BD270BEE7BC}.AppStore|x86.ActiveCfg = Debug|Any CPU
		{680C31CA-C072-4AF7-BCFC-8BD270BEE7BC}.Debug|Any CPU.ActiveCfg = Debug|Any CPU
		{680C31CA-C072-4AF7-BCFC-8BD270BEE7BC}.Debug|Any CPU.Build.0 = Debug|Any CPU
		{680C31CA-C072-4AF7-BCFC-8BD270BEE7BC}.Debug|ARM.ActiveCfg = Debug|Any CPU
		{680C31CA-C072-4AF7-BCFC-8BD270BEE7BC}.Debug|iPhone.ActiveCfg = Debug|Any CPU
		{680C31CA-C072-4AF7-BCFC-8BD270BEE7BC}.Debug|iPhoneSimulator.ActiveCfg = Debug|Any CPU
		{680C31CA-C072-4AF7-BCFC-8BD270BEE7BC}.Debug|Mixed Platforms.ActiveCfg = Debug|Any CPU
		{680C31CA-C072-4AF7-BCFC-8BD270BEE7BC}.Debug|Mixed Platforms.Build.0 = Debug|Any CPU
		{680C31CA-C072-4AF7-BCFC-8BD270BEE7BC}.Debug|x86.ActiveCfg = Debug|Any CPU
		{680C31CA-C072-4AF7-BCFC-8BD270BEE7BC}.Release|Any CPU.ActiveCfg = Release|Any CPU
		{680C31CA-C072-4AF7-BCFC-8BD270BEE7BC}.Release|Any CPU.Build.0 = Release|Any CPU
		{680C31CA-C072-4AF7-BCFC-8BD270BEE7BC}.Release|ARM.ActiveCfg = Release|Any CPU
		{680C31CA-C072-4AF7-BCFC-8BD270BEE7BC}.Release|iPhone.ActiveCfg = Release|Any CPU
		{680C31CA-C072-4AF7-BCFC-8BD270BEE7BC}.Release|iPhoneSimulator.ActiveCfg = Release|Any CPU
		{680C31CA-C072-4AF7-BCFC-8BD270BEE7BC}.Release|Mixed Platforms.ActiveCfg = Release|Any CPU
		{680C31CA-C072-4AF7-BCFC-8BD270BEE7BC}.Release|Mixed Platforms.Build.0 = Release|Any CPU
		{680C31CA-C072-4AF7-BCFC-8BD270BEE7BC}.Release|x86.ActiveCfg = Release|Any CPU
		{A74D8405-74EE-482D-A03E-92B45C17F9F5}.Ad-Hoc|Any CPU.ActiveCfg = Release|Any CPU
		{A74D8405-74EE-482D-A03E-92B45C17F9F5}.Ad-Hoc|Any CPU.Build.0 = Release|Any CPU
		{A74D8405-74EE-482D-A03E-92B45C17F9F5}.Ad-Hoc|ARM.ActiveCfg = Debug|Any CPU
		{A74D8405-74EE-482D-A03E-92B45C17F9F5}.Ad-Hoc|iPhone.ActiveCfg = Release|Any CPU
		{A74D8405-74EE-482D-A03E-92B45C17F9F5}.Ad-Hoc|iPhoneSimulator.ActiveCfg = Release|Any CPU
		{A74D8405-74EE-482D-A03E-92B45C17F9F5}.Ad-Hoc|Mixed Platforms.ActiveCfg = Release|Any CPU
		{A74D8405-74EE-482D-A03E-92B45C17F9F5}.Ad-Hoc|Mixed Platforms.Build.0 = Release|Any CPU
		{A74D8405-74EE-482D-A03E-92B45C17F9F5}.Ad-Hoc|x86.ActiveCfg = Debug|Any CPU
		{A74D8405-74EE-482D-A03E-92B45C17F9F5}.AppStore|Any CPU.ActiveCfg = Release|Any CPU
		{A74D8405-74EE-482D-A03E-92B45C17F9F5}.AppStore|Any CPU.Build.0 = Release|Any CPU
		{A74D8405-74EE-482D-A03E-92B45C17F9F5}.AppStore|ARM.ActiveCfg = Debug|Any CPU
		{A74D8405-74EE-482D-A03E-92B45C17F9F5}.AppStore|iPhone.ActiveCfg = Release|Any CPU
		{A74D8405-74EE-482D-A03E-92B45C17F9F5}.AppStore|iPhoneSimulator.ActiveCfg = Release|Any CPU
		{A74D8405-74EE-482D-A03E-92B45C17F9F5}.AppStore|Mixed Platforms.ActiveCfg = Release|Any CPU
		{A74D8405-74EE-482D-A03E-92B45C17F9F5}.AppStore|Mixed Platforms.Build.0 = Release|Any CPU
		{A74D8405-74EE-482D-A03E-92B45C17F9F5}.AppStore|x86.ActiveCfg = Debug|Any CPU
		{A74D8405-74EE-482D-A03E-92B45C17F9F5}.Debug|Any CPU.ActiveCfg = Debug|Any CPU
		{A74D8405-74EE-482D-A03E-92B45C17F9F5}.Debug|Any CPU.Build.0 = Debug|Any CPU
		{A74D8405-74EE-482D-A03E-92B45C17F9F5}.Debug|ARM.ActiveCfg = Debug|Any CPU
		{A74D8405-74EE-482D-A03E-92B45C17F9F5}.Debug|iPhone.ActiveCfg = Debug|Any CPU
		{A74D8405-74EE-482D-A03E-92B45C17F9F5}.Debug|iPhoneSimulator.ActiveCfg = Debug|Any CPU
		{A74D8405-74EE-482D-A03E-92B45C17F9F5}.Debug|Mixed Platforms.ActiveCfg = Debug|Any CPU
		{A74D8405-74EE-482D-A03E-92B45C17F9F5}.Debug|Mixed Platforms.Build.0 = Debug|Any CPU
		{A74D8405-74EE-482D-A03E-92B45C17F9F5}.Debug|x86.ActiveCfg = Debug|Any CPU
		{A74D8405-74EE-482D-A03E-92B45C17F9F5}.Release|Any CPU.ActiveCfg = Release|Any CPU
		{A74D8405-74EE-482D-A03E-92B45C17F9F5}.Release|Any CPU.Build.0 = Release|Any CPU
		{A74D8405-74EE-482D-A03E-92B45C17F9F5}.Release|ARM.ActiveCfg = Release|Any CPU
		{A74D8405-74EE-482D-A03E-92B45C17F9F5}.Release|iPhone.ActiveCfg = Release|Any CPU
		{A74D8405-74EE-482D-A03E-92B45C17F9F5}.Release|iPhoneSimulator.ActiveCfg = Release|Any CPU
		{A74D8405-74EE-482D-A03E-92B45C17F9F5}.Release|Mixed Platforms.ActiveCfg = Release|Any CPU
		{A74D8405-74EE-482D-A03E-92B45C17F9F5}.Release|Mixed Platforms.Build.0 = Release|Any CPU
		{A74D8405-74EE-482D-A03E-92B45C17F9F5}.Release|x86.ActiveCfg = Release|Any CPU
		{AA0A0646-FC49-496A-AE0F-7F24DF7675FA}.Ad-Hoc|Any CPU.ActiveCfg = Release|Any CPU
		{AA0A0646-FC49-496A-AE0F-7F24DF7675FA}.Ad-Hoc|Any CPU.Build.0 = Release|Any CPU
		{AA0A0646-FC49-496A-AE0F-7F24DF7675FA}.Ad-Hoc|ARM.ActiveCfg = Debug|Any CPU
		{AA0A0646-FC49-496A-AE0F-7F24DF7675FA}.Ad-Hoc|iPhone.ActiveCfg = Release|Any CPU
		{AA0A0646-FC49-496A-AE0F-7F24DF7675FA}.Ad-Hoc|iPhoneSimulator.ActiveCfg = Release|Any CPU
		{AA0A0646-FC49-496A-AE0F-7F24DF7675FA}.Ad-Hoc|Mixed Platforms.ActiveCfg = Release|Any CPU
		{AA0A0646-FC49-496A-AE0F-7F24DF7675FA}.Ad-Hoc|Mixed Platforms.Build.0 = Release|Any CPU
		{AA0A0646-FC49-496A-AE0F-7F24DF7675FA}.Ad-Hoc|x86.ActiveCfg = Debug|Any CPU
		{AA0A0646-FC49-496A-AE0F-7F24DF7675FA}.AppStore|Any CPU.ActiveCfg = Release|Any CPU
		{AA0A0646-FC49-496A-AE0F-7F24DF7675FA}.AppStore|Any CPU.Build.0 = Release|Any CPU
		{AA0A0646-FC49-496A-AE0F-7F24DF7675FA}.AppStore|ARM.ActiveCfg = Debug|Any CPU
		{AA0A0646-FC49-496A-AE0F-7F24DF7675FA}.AppStore|iPhone.ActiveCfg = Release|Any CPU
		{AA0A0646-FC49-496A-AE0F-7F24DF7675FA}.AppStore|iPhoneSimulator.ActiveCfg = Release|Any CPU
		{AA0A0646-FC49-496A-AE0F-7F24DF7675FA}.AppStore|Mixed Platforms.ActiveCfg = Release|Any CPU
		{AA0A0646-FC49-496A-AE0F-7F24DF7675FA}.AppStore|Mixed Platforms.Build.0 = Release|Any CPU
		{AA0A0646-FC49-496A-AE0F-7F24DF7675FA}.AppStore|x86.ActiveCfg = Debug|Any CPU
		{AA0A0646-FC49-496A-AE0F-7F24DF7675FA}.Debug|Any CPU.ActiveCfg = Debug|Any CPU
		{AA0A0646-FC49-496A-AE0F-7F24DF7675FA}.Debug|Any CPU.Build.0 = Debug|Any CPU
		{AA0A0646-FC49-496A-AE0F-7F24DF7675FA}.Debug|ARM.ActiveCfg = Debug|Any CPU
		{AA0A0646-FC49-496A-AE0F-7F24DF7675FA}.Debug|iPhone.ActiveCfg = Debug|Any CPU
		{AA0A0646-FC49-496A-AE0F-7F24DF7675FA}.Debug|iPhoneSimulator.ActiveCfg = Debug|Any CPU
		{AA0A0646-FC49-496A-AE0F-7F24DF7675FA}.Debug|Mixed Platforms.ActiveCfg = Debug|Any CPU
		{AA0A0646-FC49-496A-AE0F-7F24DF7675FA}.Debug|Mixed Platforms.Build.0 = Debug|Any CPU
		{AA0A0646-FC49-496A-AE0F-7F24DF7675FA}.Debug|x86.ActiveCfg = Debug|Any CPU
		{AA0A0646-FC49-496A-AE0F-7F24DF7675FA}.Release|Any CPU.ActiveCfg = Release|Any CPU
		{AA0A0646-FC49-496A-AE0F-7F24DF7675FA}.Release|Any CPU.Build.0 = Release|Any CPU
		{AA0A0646-FC49-496A-AE0F-7F24DF7675FA}.Release|ARM.ActiveCfg = Release|Any CPU
		{AA0A0646-FC49-496A-AE0F-7F24DF7675FA}.Release|iPhone.ActiveCfg = Release|Any CPU
		{AA0A0646-FC49-496A-AE0F-7F24DF7675FA}.Release|iPhoneSimulator.ActiveCfg = Release|Any CPU
		{AA0A0646-FC49-496A-AE0F-7F24DF7675FA}.Release|Mixed Platforms.ActiveCfg = Release|Any CPU
		{AA0A0646-FC49-496A-AE0F-7F24DF7675FA}.Release|Mixed Platforms.Build.0 = Release|Any CPU
		{AA0A0646-FC49-496A-AE0F-7F24DF7675FA}.Release|x86.ActiveCfg = Release|Any CPU
		{321AD674-0C1F-44CC-AFAD-188F47B39885}.Ad-Hoc|Any CPU.ActiveCfg = Release|Any CPU
		{321AD674-0C1F-44CC-AFAD-188F47B39885}.Ad-Hoc|Any CPU.Build.0 = Release|Any CPU
		{321AD674-0C1F-44CC-AFAD-188F47B39885}.Ad-Hoc|ARM.ActiveCfg = Debug|Any CPU
		{321AD674-0C1F-44CC-AFAD-188F47B39885}.Ad-Hoc|iPhone.ActiveCfg = Release|Any CPU
		{321AD674-0C1F-44CC-AFAD-188F47B39885}.Ad-Hoc|iPhoneSimulator.ActiveCfg = Release|Any CPU
		{321AD674-0C1F-44CC-AFAD-188F47B39885}.Ad-Hoc|Mixed Platforms.ActiveCfg = Release|Any CPU
		{321AD674-0C1F-44CC-AFAD-188F47B39885}.Ad-Hoc|Mixed Platforms.Build.0 = Release|Any CPU
		{321AD674-0C1F-44CC-AFAD-188F47B39885}.Ad-Hoc|x86.ActiveCfg = Debug|Any CPU
		{321AD674-0C1F-44CC-AFAD-188F47B39885}.AppStore|Any CPU.ActiveCfg = Release|Any CPU
		{321AD674-0C1F-44CC-AFAD-188F47B39885}.AppStore|Any CPU.Build.0 = Release|Any CPU
		{321AD674-0C1F-44CC-AFAD-188F47B39885}.AppStore|ARM.ActiveCfg = Debug|Any CPU
		{321AD674-0C1F-44CC-AFAD-188F47B39885}.AppStore|iPhone.ActiveCfg = Release|Any CPU
		{321AD674-0C1F-44CC-AFAD-188F47B39885}.AppStore|iPhoneSimulator.ActiveCfg = Release|Any CPU
		{321AD674-0C1F-44CC-AFAD-188F47B39885}.AppStore|Mixed Platforms.ActiveCfg = Release|Any CPU
		{321AD674-0C1F-44CC-AFAD-188F47B39885}.AppStore|Mixed Platforms.Build.0 = Release|Any CPU
		{321AD674-0C1F-44CC-AFAD-188F47B39885}.AppStore|x86.ActiveCfg = Debug|Any CPU
		{321AD674-0C1F-44CC-AFAD-188F47B39885}.Debug|Any CPU.ActiveCfg = Debug|Any CPU
		{321AD674-0C1F-44CC-AFAD-188F47B39885}.Debug|Any CPU.Build.0 = Debug|Any CPU
		{321AD674-0C1F-44CC-AFAD-188F47B39885}.Debug|ARM.ActiveCfg = Debug|Any CPU
		{321AD674-0C1F-44CC-AFAD-188F47B39885}.Debug|iPhone.ActiveCfg = Debug|Any CPU
		{321AD674-0C1F-44CC-AFAD-188F47B39885}.Debug|iPhoneSimulator.ActiveCfg = Debug|Any CPU
		{321AD674-0C1F-44CC-AFAD-188F47B39885}.Debug|Mixed Platforms.ActiveCfg = Debug|Any CPU
		{321AD674-0C1F-44CC-AFAD-188F47B39885}.Debug|Mixed Platforms.Build.0 = Debug|Any CPU
		{321AD674-0C1F-44CC-AFAD-188F47B39885}.Debug|x86.ActiveCfg = Debug|Any CPU
		{321AD674-0C1F-44CC-AFAD-188F47B39885}.Release|Any CPU.ActiveCfg = Release|Any CPU
		{321AD674-0C1F-44CC-AFAD-188F47B39885}.Release|Any CPU.Build.0 = Release|Any CPU
		{321AD674-0C1F-44CC-AFAD-188F47B39885}.Release|ARM.ActiveCfg = Release|Any CPU
		{321AD674-0C1F-44CC-AFAD-188F47B39885}.Release|iPhone.ActiveCfg = Release|Any CPU
		{321AD674-0C1F-44CC-AFAD-188F47B39885}.Release|iPhoneSimulator.ActiveCfg = Release|Any CPU
		{321AD674-0C1F-44CC-AFAD-188F47B39885}.Release|Mixed Platforms.ActiveCfg = Release|Any CPU
		{321AD674-0C1F-44CC-AFAD-188F47B39885}.Release|Mixed Platforms.Build.0 = Release|Any CPU
		{321AD674-0C1F-44CC-AFAD-188F47B39885}.Release|x86.ActiveCfg = Release|Any CPU
		{3F5D3B90-3A02-4C27-B42B-73F4C1D40FB6}.Ad-Hoc|Any CPU.ActiveCfg = Release|x86
		{3F5D3B90-3A02-4C27-B42B-73F4C1D40FB6}.Ad-Hoc|ARM.ActiveCfg = Release|ARM
		{3F5D3B90-3A02-4C27-B42B-73F4C1D40FB6}.Ad-Hoc|ARM.Build.0 = Release|ARM
		{3F5D3B90-3A02-4C27-B42B-73F4C1D40FB6}.Ad-Hoc|ARM.Deploy.0 = Release|ARM
		{3F5D3B90-3A02-4C27-B42B-73F4C1D40FB6}.Ad-Hoc|iPhone.ActiveCfg = Release|x86
		{3F5D3B90-3A02-4C27-B42B-73F4C1D40FB6}.Ad-Hoc|iPhoneSimulator.ActiveCfg = Release|x86
		{3F5D3B90-3A02-4C27-B42B-73F4C1D40FB6}.Ad-Hoc|Mixed Platforms.ActiveCfg = Release|x86
		{3F5D3B90-3A02-4C27-B42B-73F4C1D40FB6}.Ad-Hoc|Mixed Platforms.Build.0 = Release|x86
		{3F5D3B90-3A02-4C27-B42B-73F4C1D40FB6}.Ad-Hoc|Mixed Platforms.Deploy.0 = Release|x86
		{3F5D3B90-3A02-4C27-B42B-73F4C1D40FB6}.Ad-Hoc|x86.ActiveCfg = Release|x86
		{3F5D3B90-3A02-4C27-B42B-73F4C1D40FB6}.Ad-Hoc|x86.Build.0 = Release|x86
		{3F5D3B90-3A02-4C27-B42B-73F4C1D40FB6}.Ad-Hoc|x86.Deploy.0 = Release|x86
		{3F5D3B90-3A02-4C27-B42B-73F4C1D40FB6}.AppStore|Any CPU.ActiveCfg = Release|x86
		{3F5D3B90-3A02-4C27-B42B-73F4C1D40FB6}.AppStore|ARM.ActiveCfg = Release|ARM
		{3F5D3B90-3A02-4C27-B42B-73F4C1D40FB6}.AppStore|ARM.Build.0 = Release|ARM
		{3F5D3B90-3A02-4C27-B42B-73F4C1D40FB6}.AppStore|ARM.Deploy.0 = Release|ARM
		{3F5D3B90-3A02-4C27-B42B-73F4C1D40FB6}.AppStore|iPhone.ActiveCfg = Release|x86
		{3F5D3B90-3A02-4C27-B42B-73F4C1D40FB6}.AppStore|iPhoneSimulator.ActiveCfg = Release|x86
		{3F5D3B90-3A02-4C27-B42B-73F4C1D40FB6}.AppStore|Mixed Platforms.ActiveCfg = Release|x86
		{3F5D3B90-3A02-4C27-B42B-73F4C1D40FB6}.AppStore|Mixed Platforms.Build.0 = Release|x86
		{3F5D3B90-3A02-4C27-B42B-73F4C1D40FB6}.AppStore|Mixed Platforms.Deploy.0 = Release|x86
		{3F5D3B90-3A02-4C27-B42B-73F4C1D40FB6}.AppStore|x86.ActiveCfg = Release|x86
		{3F5D3B90-3A02-4C27-B42B-73F4C1D40FB6}.AppStore|x86.Build.0 = Release|x86
		{3F5D3B90-3A02-4C27-B42B-73F4C1D40FB6}.AppStore|x86.Deploy.0 = Release|x86
		{3F5D3B90-3A02-4C27-B42B-73F4C1D40FB6}.Debug|Any CPU.ActiveCfg = Debug|x86
		{3F5D3B90-3A02-4C27-B42B-73F4C1D40FB6}.Debug|ARM.ActiveCfg = Debug|ARM
		{3F5D3B90-3A02-4C27-B42B-73F4C1D40FB6}.Debug|ARM.Build.0 = Debug|ARM
		{3F5D3B90-3A02-4C27-B42B-73F4C1D40FB6}.Debug|ARM.Deploy.0 = Debug|ARM
		{3F5D3B90-3A02-4C27-B42B-73F4C1D40FB6}.Debug|iPhone.ActiveCfg = Debug|x86
		{3F5D3B90-3A02-4C27-B42B-73F4C1D40FB6}.Debug|iPhoneSimulator.ActiveCfg = Debug|x86
		{3F5D3B90-3A02-4C27-B42B-73F4C1D40FB6}.Debug|Mixed Platforms.ActiveCfg = Debug|x86
		{3F5D3B90-3A02-4C27-B42B-73F4C1D40FB6}.Debug|Mixed Platforms.Build.0 = Debug|x86
		{3F5D3B90-3A02-4C27-B42B-73F4C1D40FB6}.Debug|Mixed Platforms.Deploy.0 = Debug|x86
		{3F5D3B90-3A02-4C27-B42B-73F4C1D40FB6}.Debug|x86.ActiveCfg = Debug|x86
		{3F5D3B90-3A02-4C27-B42B-73F4C1D40FB6}.Debug|x86.Build.0 = Debug|x86
		{3F5D3B90-3A02-4C27-B42B-73F4C1D40FB6}.Debug|x86.Deploy.0 = Debug|x86
		{3F5D3B90-3A02-4C27-B42B-73F4C1D40FB6}.Release|Any CPU.ActiveCfg = Release|x86
		{3F5D3B90-3A02-4C27-B42B-73F4C1D40FB6}.Release|ARM.ActiveCfg = Release|ARM
		{3F5D3B90-3A02-4C27-B42B-73F4C1D40FB6}.Release|ARM.Build.0 = Release|ARM
		{3F5D3B90-3A02-4C27-B42B-73F4C1D40FB6}.Release|ARM.Deploy.0 = Release|ARM
		{3F5D3B90-3A02-4C27-B42B-73F4C1D40FB6}.Release|iPhone.ActiveCfg = Release|x86
		{3F5D3B90-3A02-4C27-B42B-73F4C1D40FB6}.Release|iPhoneSimulator.ActiveCfg = Release|x86
		{3F5D3B90-3A02-4C27-B42B-73F4C1D40FB6}.Release|Mixed Platforms.ActiveCfg = Release|x86
		{3F5D3B90-3A02-4C27-B42B-73F4C1D40FB6}.Release|Mixed Platforms.Build.0 = Release|x86
		{3F5D3B90-3A02-4C27-B42B-73F4C1D40FB6}.Release|Mixed Platforms.Deploy.0 = Release|x86
		{3F5D3B90-3A02-4C27-B42B-73F4C1D40FB6}.Release|x86.ActiveCfg = Release|x86
		{3F5D3B90-3A02-4C27-B42B-73F4C1D40FB6}.Release|x86.Build.0 = Release|x86
		{3F5D3B90-3A02-4C27-B42B-73F4C1D40FB6}.Release|x86.Deploy.0 = Release|x86
		{02D06728-5DB9-4CD6-9106-0610081F9D1D}.Ad-Hoc|Any CPU.ActiveCfg = Release|Any CPU
		{02D06728-5DB9-4CD6-9106-0610081F9D1D}.Ad-Hoc|Any CPU.Build.0 = Release|Any CPU
		{02D06728-5DB9-4CD6-9106-0610081F9D1D}.Ad-Hoc|Any CPU.Deploy.0 = Release|Any CPU
		{02D06728-5DB9-4CD6-9106-0610081F9D1D}.Ad-Hoc|ARM.ActiveCfg = Release|ARM
		{02D06728-5DB9-4CD6-9106-0610081F9D1D}.Ad-Hoc|ARM.Build.0 = Release|ARM
		{02D06728-5DB9-4CD6-9106-0610081F9D1D}.Ad-Hoc|ARM.Deploy.0 = Release|ARM
		{02D06728-5DB9-4CD6-9106-0610081F9D1D}.Ad-Hoc|iPhone.ActiveCfg = Release|Any CPU
		{02D06728-5DB9-4CD6-9106-0610081F9D1D}.Ad-Hoc|iPhoneSimulator.ActiveCfg = Release|Any CPU
		{02D06728-5DB9-4CD6-9106-0610081F9D1D}.Ad-Hoc|Mixed Platforms.ActiveCfg = Release|x86
		{02D06728-5DB9-4CD6-9106-0610081F9D1D}.Ad-Hoc|Mixed Platforms.Build.0 = Release|x86
		{02D06728-5DB9-4CD6-9106-0610081F9D1D}.Ad-Hoc|Mixed Platforms.Deploy.0 = Release|x86
		{02D06728-5DB9-4CD6-9106-0610081F9D1D}.Ad-Hoc|x86.ActiveCfg = Release|x86
		{02D06728-5DB9-4CD6-9106-0610081F9D1D}.Ad-Hoc|x86.Build.0 = Release|x86
		{02D06728-5DB9-4CD6-9106-0610081F9D1D}.Ad-Hoc|x86.Deploy.0 = Release|x86
		{02D06728-5DB9-4CD6-9106-0610081F9D1D}.AppStore|Any CPU.ActiveCfg = Release|Any CPU
		{02D06728-5DB9-4CD6-9106-0610081F9D1D}.AppStore|Any CPU.Build.0 = Release|Any CPU
		{02D06728-5DB9-4CD6-9106-0610081F9D1D}.AppStore|Any CPU.Deploy.0 = Release|Any CPU
		{02D06728-5DB9-4CD6-9106-0610081F9D1D}.AppStore|ARM.ActiveCfg = Release|ARM
		{02D06728-5DB9-4CD6-9106-0610081F9D1D}.AppStore|ARM.Build.0 = Release|ARM
		{02D06728-5DB9-4CD6-9106-0610081F9D1D}.AppStore|ARM.Deploy.0 = Release|ARM
		{02D06728-5DB9-4CD6-9106-0610081F9D1D}.AppStore|iPhone.ActiveCfg = Release|Any CPU
		{02D06728-5DB9-4CD6-9106-0610081F9D1D}.AppStore|iPhoneSimulator.ActiveCfg = Release|Any CPU
		{02D06728-5DB9-4CD6-9106-0610081F9D1D}.AppStore|Mixed Platforms.ActiveCfg = Release|x86
		{02D06728-5DB9-4CD6-9106-0610081F9D1D}.AppStore|Mixed Platforms.Build.0 = Release|x86
		{02D06728-5DB9-4CD6-9106-0610081F9D1D}.AppStore|Mixed Platforms.Deploy.0 = Release|x86
		{02D06728-5DB9-4CD6-9106-0610081F9D1D}.AppStore|x86.ActiveCfg = Release|x86
		{02D06728-5DB9-4CD6-9106-0610081F9D1D}.AppStore|x86.Build.0 = Release|x86
		{02D06728-5DB9-4CD6-9106-0610081F9D1D}.AppStore|x86.Deploy.0 = Release|x86
		{02D06728-5DB9-4CD6-9106-0610081F9D1D}.Debug|Any CPU.ActiveCfg = Debug|x86
		{02D06728-5DB9-4CD6-9106-0610081F9D1D}.Debug|Any CPU.Deploy.0 = Debug|x86
		{02D06728-5DB9-4CD6-9106-0610081F9D1D}.Debug|ARM.ActiveCfg = Debug|ARM
		{02D06728-5DB9-4CD6-9106-0610081F9D1D}.Debug|ARM.Build.0 = Debug|ARM
		{02D06728-5DB9-4CD6-9106-0610081F9D1D}.Debug|ARM.Deploy.0 = Debug|ARM
		{02D06728-5DB9-4CD6-9106-0610081F9D1D}.Debug|iPhone.ActiveCfg = Debug|Any CPU
		{02D06728-5DB9-4CD6-9106-0610081F9D1D}.Debug|iPhoneSimulator.ActiveCfg = Debug|Any CPU
		{02D06728-5DB9-4CD6-9106-0610081F9D1D}.Debug|Mixed Platforms.ActiveCfg = Debug|x86
		{02D06728-5DB9-4CD6-9106-0610081F9D1D}.Debug|Mixed Platforms.Build.0 = Debug|x86
		{02D06728-5DB9-4CD6-9106-0610081F9D1D}.Debug|Mixed Platforms.Deploy.0 = Debug|x86
		{02D06728-5DB9-4CD6-9106-0610081F9D1D}.Debug|x86.ActiveCfg = Debug|x86
		{02D06728-5DB9-4CD6-9106-0610081F9D1D}.Debug|x86.Build.0 = Debug|x86
		{02D06728-5DB9-4CD6-9106-0610081F9D1D}.Debug|x86.Deploy.0 = Debug|x86
		{02D06728-5DB9-4CD6-9106-0610081F9D1D}.Release|Any CPU.ActiveCfg = Release|x86
		{02D06728-5DB9-4CD6-9106-0610081F9D1D}.Release|Any CPU.Build.0 = Release|x86
		{02D06728-5DB9-4CD6-9106-0610081F9D1D}.Release|Any CPU.Deploy.0 = Release|x86
		{02D06728-5DB9-4CD6-9106-0610081F9D1D}.Release|ARM.ActiveCfg = Release|ARM
		{02D06728-5DB9-4CD6-9106-0610081F9D1D}.Release|ARM.Build.0 = Release|ARM
		{02D06728-5DB9-4CD6-9106-0610081F9D1D}.Release|ARM.Deploy.0 = Release|ARM
		{02D06728-5DB9-4CD6-9106-0610081F9D1D}.Release|iPhone.ActiveCfg = Release|Any CPU
		{02D06728-5DB9-4CD6-9106-0610081F9D1D}.Release|iPhoneSimulator.ActiveCfg = Release|Any CPU
		{02D06728-5DB9-4CD6-9106-0610081F9D1D}.Release|Mixed Platforms.ActiveCfg = Release|x86
		{02D06728-5DB9-4CD6-9106-0610081F9D1D}.Release|Mixed Platforms.Build.0 = Release|x86
		{02D06728-5DB9-4CD6-9106-0610081F9D1D}.Release|Mixed Platforms.Deploy.0 = Release|x86
		{02D06728-5DB9-4CD6-9106-0610081F9D1D}.Release|x86.ActiveCfg = Release|x86
		{02D06728-5DB9-4CD6-9106-0610081F9D1D}.Release|x86.Build.0 = Release|x86
		{02D06728-5DB9-4CD6-9106-0610081F9D1D}.Release|x86.Deploy.0 = Release|x86
		{FCF8CC49-A5EB-46E4-932D-D4D6D36924A5}.Ad-Hoc|Any CPU.ActiveCfg = Release|Any CPU
		{FCF8CC49-A5EB-46E4-932D-D4D6D36924A5}.Ad-Hoc|Any CPU.Build.0 = Release|Any CPU
		{FCF8CC49-A5EB-46E4-932D-D4D6D36924A5}.Ad-Hoc|ARM.ActiveCfg = Release|Any CPU
		{FCF8CC49-A5EB-46E4-932D-D4D6D36924A5}.Ad-Hoc|iPhone.ActiveCfg = Release|Any CPU
		{FCF8CC49-A5EB-46E4-932D-D4D6D36924A5}.Ad-Hoc|iPhoneSimulator.ActiveCfg = Release|Any CPU
		{FCF8CC49-A5EB-46E4-932D-D4D6D36924A5}.Ad-Hoc|Mixed Platforms.ActiveCfg = Release|Any CPU
		{FCF8CC49-A5EB-46E4-932D-D4D6D36924A5}.Ad-Hoc|Mixed Platforms.Build.0 = Release|Any CPU
		{FCF8CC49-A5EB-46E4-932D-D4D6D36924A5}.Ad-Hoc|x86.ActiveCfg = Release|Any CPU
		{FCF8CC49-A5EB-46E4-932D-D4D6D36924A5}.AppStore|Any CPU.ActiveCfg = Release|Any CPU
		{FCF8CC49-A5EB-46E4-932D-D4D6D36924A5}.AppStore|Any CPU.Build.0 = Release|Any CPU
		{FCF8CC49-A5EB-46E4-932D-D4D6D36924A5}.AppStore|ARM.ActiveCfg = Release|Any CPU
		{FCF8CC49-A5EB-46E4-932D-D4D6D36924A5}.AppStore|iPhone.ActiveCfg = Release|Any CPU
		{FCF8CC49-A5EB-46E4-932D-D4D6D36924A5}.AppStore|iPhoneSimulator.ActiveCfg = Release|Any CPU
		{FCF8CC49-A5EB-46E4-932D-D4D6D36924A5}.AppStore|Mixed Platforms.ActiveCfg = Release|Any CPU
		{FCF8CC49-A5EB-46E4-932D-D4D6D36924A5}.AppStore|Mixed Platforms.Build.0 = Release|Any CPU
		{FCF8CC49-A5EB-46E4-932D-D4D6D36924A5}.AppStore|x86.ActiveCfg = Release|Any CPU
		{FCF8CC49-A5EB-46E4-932D-D4D6D36924A5}.Debug|Any CPU.ActiveCfg = Debug|Any CPU
		{FCF8CC49-A5EB-46E4-932D-D4D6D36924A5}.Debug|Any CPU.Build.0 = Debug|Any CPU
		{FCF8CC49-A5EB-46E4-932D-D4D6D36924A5}.Debug|ARM.ActiveCfg = Debug|Any CPU
		{FCF8CC49-A5EB-46E4-932D-D4D6D36924A5}.Debug|iPhone.ActiveCfg = Debug|Any CPU
		{FCF8CC49-A5EB-46E4-932D-D4D6D36924A5}.Debug|iPhoneSimulator.ActiveCfg = Debug|Any CPU
		{FCF8CC49-A5EB-46E4-932D-D4D6D36924A5}.Debug|Mixed Platforms.ActiveCfg = Debug|Any CPU
		{FCF8CC49-A5EB-46E4-932D-D4D6D36924A5}.Debug|Mixed Platforms.Build.0 = Debug|Any CPU
		{FCF8CC49-A5EB-46E4-932D-D4D6D36924A5}.Debug|x86.ActiveCfg = Debug|Any CPU
		{FCF8CC49-A5EB-46E4-932D-D4D6D36924A5}.Release|Any CPU.ActiveCfg = Release|Any CPU
		{FCF8CC49-A5EB-46E4-932D-D4D6D36924A5}.Release|Any CPU.Build.0 = Release|Any CPU
		{FCF8CC49-A5EB-46E4-932D-D4D6D36924A5}.Release|ARM.ActiveCfg = Release|Any CPU
		{FCF8CC49-A5EB-46E4-932D-D4D6D36924A5}.Release|iPhone.ActiveCfg = Release|Any CPU
		{FCF8CC49-A5EB-46E4-932D-D4D6D36924A5}.Release|iPhoneSimulator.ActiveCfg = Release|Any CPU
		{FCF8CC49-A5EB-46E4-932D-D4D6D36924A5}.Release|Mixed Platforms.ActiveCfg = Release|Any CPU
		{FCF8CC49-A5EB-46E4-932D-D4D6D36924A5}.Release|Mixed Platforms.Build.0 = Release|Any CPU
		{FCF8CC49-A5EB-46E4-932D-D4D6D36924A5}.Release|x86.ActiveCfg = Release|Any CPU
	EndGlobalSection
	GlobalSection(SolutionProperties) = preSolution
		HideSolutionNode = FALSE
	EndGlobalSection
	GlobalSection(NestedProjects) = preSolution
		{AA0A0646-FC49-496A-AE0F-7F24DF7675FA} = {BAA00DEC-D55A-4960-90E4-9FACE1896676}
		{3F5D3B90-3A02-4C27-B42B-73F4C1D40FB6} = {BAA00DEC-D55A-4960-90E4-9FACE1896676}
		{02D06728-5DB9-4CD6-9106-0610081F9D1D} = {BAA00DEC-D55A-4960-90E4-9FACE1896676}
	EndGlobalSection
EndGlobal
